// !$*UTF8*$!
{
	archiveVersion = 1;
	classes = {
	};
	objectVersion = 55;
	objects = {

/* Begin PBXBuildFile section */
		2103AEEB8307F8BB95B89A3A /* Pods_CalenderTask_CalenderTaskUITests.framework in Frameworks */ = {isa = PBXBuildFile; fileRef = 58ECEDBB89A248EF473DA25C /* Pods_CalenderTask_CalenderTaskUITests.framework */; };
		4DA7244C8E60920C9C66C477 /* Pods_CalenderTaskTests.framework in Frameworks */ = {isa = PBXBuildFile; fileRef = 32D96E0887152EC86E9ADB3B /* Pods_CalenderTaskTests.framework */; };
		5E103D502871B4B400906D00 /* CEEventsOrganizerCollectionCell.swift in Sources */ = {isa = PBXBuildFile; fileRef = 5E103D4E2871B4B400906D00 /* CEEventsOrganizerCollectionCell.swift */; };
		5E103D512871B4B400906D00 /* CEEventsOrganizerCollectionCell.xib in Resources */ = {isa = PBXBuildFile; fileRef = 5E103D4F2871B4B400906D00 /* CEEventsOrganizerCollectionCell.xib */; };
		5E103D532871C16B00906D00 /* PinterestLayout.swift in Sources */ = {isa = PBXBuildFile; fileRef = 5E103D522871C16B00906D00 /* PinterestLayout.swift */; };
		5E1456FF2852195F0078AF31 /* AppDelegate.swift in Sources */ = {isa = PBXBuildFile; fileRef = 5E1456FE2852195F0078AF31 /* AppDelegate.swift */; };
		5E1457012852195F0078AF31 /* SceneDelegate.swift in Sources */ = {isa = PBXBuildFile; fileRef = 5E1457002852195F0078AF31 /* SceneDelegate.swift */; };
		5E1457032852195F0078AF31 /* ViewController.swift in Sources */ = {isa = PBXBuildFile; fileRef = 5E1457022852195F0078AF31 /* ViewController.swift */; };
		5E1457062852195F0078AF31 /* Main.storyboard in Resources */ = {isa = PBXBuildFile; fileRef = 5E1457042852195F0078AF31 /* Main.storyboard */; };
		5E145708285219630078AF31 /* Assets.xcassets in Resources */ = {isa = PBXBuildFile; fileRef = 5E145707285219630078AF31 /* Assets.xcassets */; };
		5E14570B285219630078AF31 /* LaunchScreen.storyboard in Resources */ = {isa = PBXBuildFile; fileRef = 5E145709285219630078AF31 /* LaunchScreen.storyboard */; };
		5E145716285219640078AF31 /* CalenderTaskTests.swift in Sources */ = {isa = PBXBuildFile; fileRef = 5E145715285219640078AF31 /* CalenderTaskTests.swift */; };
		5E145720285219640078AF31 /* CalenderTaskUITests.swift in Sources */ = {isa = PBXBuildFile; fileRef = 5E14571F285219640078AF31 /* CalenderTaskUITests.swift */; };
		5E145722285219640078AF31 /* CalenderTaskUITestsLaunchTests.swift in Sources */ = {isa = PBXBuildFile; fileRef = 5E145721285219640078AF31 /* CalenderTaskUITestsLaunchTests.swift */; };
		5E14572F285222200078AF31 /* CalenderViewController.swift in Sources */ = {isa = PBXBuildFile; fileRef = 5E14572E285222200078AF31 /* CalenderViewController.swift */; };
		5E18FDCC286E10620035F046 /* CEData.json in Resources */ = {isa = PBXBuildFile; fileRef = 5E18FDCB286E10620035F046 /* CEData.json */; };
		5E18FDCE286E15CC0035F046 /* CEEventModel.swift in Sources */ = {isa = PBXBuildFile; fileRef = 5E18FDCD286E15CC0035F046 /* CEEventModel.swift */; };
		5E18FDD1286E20770035F046 /* CECoreDataModel.xcdatamodeld in Sources */ = {isa = PBXBuildFile; fileRef = 5E18FDCF286E20770035F046 /* CECoreDataModel.xcdatamodeld */; };
		5E18FDDE286EF4390035F046 /* CEAddEventViewController.swift in Sources */ = {isa = PBXBuildFile; fileRef = 5E18FDDD286EF4380035F046 /* CEAddEventViewController.swift */; };
		5E18FDE0286EF45A0035F046 /* CEAddEventViewController.storyboard in Resources */ = {isa = PBXBuildFile; fileRef = 5E18FDDF286EF45A0035F046 /* CEAddEventViewController.storyboard */; };
		5E18FDE6286F08880035F046 /* CECoreData.swift in Sources */ = {isa = PBXBuildFile; fileRef = 5E18FDE5286F08880035F046 /* CECoreData.swift */; };
		5E18FDE8286F16BC0035F046 /* CEPersistanceService.swift in Sources */ = {isa = PBXBuildFile; fileRef = 5E18FDE7286F16BC0035F046 /* CEPersistanceService.swift */; };
		5E26852028576C7F004AEFF7 /* EventModel.swift in Sources */ = {isa = PBXBuildFile; fileRef = 5E26851F28576C7F004AEFF7 /* EventModel.swift */; };
		5E2F97E328696F9D002D1DFE /* CEMainEventsTableViewCell.swift in Sources */ = {isa = PBXBuildFile; fileRef = 5E2F97E128696F9D002D1DFE /* CEMainEventsTableViewCell.swift */; };
		5E2F97E428696F9E002D1DFE /* CEMainEventsTableViewCell.xib in Resources */ = {isa = PBXBuildFile; fileRef = 5E2F97E228696F9D002D1DFE /* CEMainEventsTableViewCell.xib */; };
		5E2F97E628698997002D1DFE /* CEOnboarding.storyboard in Resources */ = {isa = PBXBuildFile; fileRef = 5E2F97E528698997002D1DFE /* CEOnboarding.storyboard */; };
		5E2F97E82869925A002D1DFE /* CEOnboardingContentController.swift in Sources */ = {isa = PBXBuildFile; fileRef = 5E2F97E72869925A002D1DFE /* CEOnboardingContentController.swift */; };
		5E2F97EA286994CD002D1DFE /* CEOnboardPageController.swift in Sources */ = {isa = PBXBuildFile; fileRef = 5E2F97E9286994CD002D1DFE /* CEOnboardPageController.swift */; };
		5E2F97EC2869A9F4002D1DFE /* CEOnboardViewController.swift in Sources */ = {isa = PBXBuildFile; fileRef = 5E2F97EB2869A9F4002D1DFE /* CEOnboardViewController.swift */; };
		5E2F97F22869B90B002D1DFE /* LottieCalendar.json in Resources */ = {isa = PBXBuildFile; fileRef = 5E2F97EE2869B90A002D1DFE /* LottieCalendar.json */; };
		5E2F97F32869B90B002D1DFE /* LottieCustomCalendar.json in Resources */ = {isa = PBXBuildFile; fileRef = 5E2F97EF2869B90A002D1DFE /* LottieCustomCalendar.json */; };
		5E2F97F42869B90B002D1DFE /* LottieFilter.json in Resources */ = {isa = PBXBuildFile; fileRef = 5E2F97F02869B90A002D1DFE /* LottieFilter.json */; };
		5E2F97F52869B90B002D1DFE /* LottieEvents.json in Resources */ = {isa = PBXBuildFile; fileRef = 5E2F97F12869B90B002D1DFE /* LottieEvents.json */; };
		5E2F9807286B097D002D1DFE /* CELabel.swift in Sources */ = {isa = PBXBuildFile; fileRef = 5E2F9806286B097D002D1DFE /* CELabel.swift */; };
		5E2F9809286B098C002D1DFE /* CEButton.swift in Sources */ = {isa = PBXBuildFile; fileRef = 5E2F9808286B098C002D1DFE /* CEButton.swift */; };
		5E2F980C286B0BDC002D1DFE /* CEPresentTitleSummary.swift in Sources */ = {isa = PBXBuildFile; fileRef = 5E2F980B286B0BDC002D1DFE /* CEPresentTitleSummary.swift */; };
		5E2F980E286B0C07002D1DFE /* CEPresentTitleSummary.xib in Resources */ = {isa = PBXBuildFile; fileRef = 5E2F980D286B0C07002D1DFE /* CEPresentTitleSummary.xib */; };
		5E2F9811286B15CA002D1DFE /* CECustomButtons.swift in Sources */ = {isa = PBXBuildFile; fileRef = 5E2F9810286B15CA002D1DFE /* CECustomButtons.swift */; };
		5E2F9813286B15DD002D1DFE /* CECustomButtons.xib in Resources */ = {isa = PBXBuildFile; fileRef = 5E2F9812286B15DD002D1DFE /* CECustomButtons.xib */; };
		5E2F9816286B34C0002D1DFE /* CEPresentDateHeader.swift in Sources */ = {isa = PBXBuildFile; fileRef = 5E2F9815286B34C0002D1DFE /* CEPresentDateHeader.swift */; };
		5E2F9818286B34D9002D1DFE /* CEPresentDateHeader.xib in Resources */ = {isa = PBXBuildFile; fileRef = 5E2F9817286B34D9002D1DFE /* CEPresentDateHeader.xib */; };
		5E45BFD9285B075900D56140 /* EmptyEventDisplayCell.swift in Sources */ = {isa = PBXBuildFile; fileRef = 5E45BFD8285B075900D56140 /* EmptyEventDisplayCell.swift */; };
		5E553833287026EB0067C3F1 /* CalendarEvent+CoreDataClass.swift in Sources */ = {isa = PBXBuildFile; fileRef = 5E553831287026EB0067C3F1 /* CalendarEvent+CoreDataClass.swift */; };
		5E553834287026EB0067C3F1 /* CalendarEvent+CoreDataProperties.swift in Sources */ = {isa = PBXBuildFile; fileRef = 5E553832287026EB0067C3F1 /* CalendarEvent+CoreDataProperties.swift */; };
		5E55383B28705E650067C3F1 /* CEAddEventView.swift in Sources */ = {isa = PBXBuildFile; fileRef = 5E55383A28705E650067C3F1 /* CEAddEventView.swift */; };
		5E55383D28705EBF0067C3F1 /* CEAddEventView.xib in Resources */ = {isa = PBXBuildFile; fileRef = 5E55383C28705EBF0067C3F1 /* CEAddEventView.xib */; };
		5E553840287092BB0067C3F1 /* CEReusableCollectionView.swift in Sources */ = {isa = PBXBuildFile; fileRef = 5E55383F287092BB0067C3F1 /* CEReusableCollectionView.swift */; };
		5E553842287092D60067C3F1 /* CEReusableCollectionView.xib in Resources */ = {isa = PBXBuildFile; fileRef = 5E553841287092D60067C3F1 /* CEReusableCollectionView.xib */; };
		5E55384D287097D50067C3F1 /* CEAddEventCollectionCell.swift in Sources */ = {isa = PBXBuildFile; fileRef = 5E55384B287097D50067C3F1 /* CEAddEventCollectionCell.swift */; };
		5E55384E287097D50067C3F1 /* CEAddEventCollectionCell.xib in Resources */ = {isa = PBXBuildFile; fileRef = 5E55384C287097D50067C3F1 /* CEAddEventCollectionCell.xib */; };
		5E5C58EE2856FA9A006DF9D5 /* CalendarCell.swift in Sources */ = {isa = PBXBuildFile; fileRef = 5E5C58ED2856FA9A006DF9D5 /* CalendarCell.swift */; };
		5E5C58F028570364006DF9D5 /* CalendarViewModel.swift in Sources */ = {isa = PBXBuildFile; fileRef = 5E5C58EF28570364006DF9D5 /* CalendarViewModel.swift */; };
		5E5C9E792876E52C0046807C /* CETaskDetailViewModel.swift in Sources */ = {isa = PBXBuildFile; fileRef = 5E5C9E782876E52C0046807C /* CETaskDetailViewModel.swift */; };
		5E5C9E7B2876F93D0046807C /* CEEventsOrganizerCellViewModel.swift in Sources */ = {isa = PBXBuildFile; fileRef = 5E5C9E7A2876F93D0046807C /* CEEventsOrganizerCellViewModel.swift */; };
		5E5C9E7D287701480046807C /* CEAlldayEventsCollectionCellViewModel.swift in Sources */ = {isa = PBXBuildFile; fileRef = 5E5C9E7C287701480046807C /* CEAlldayEventsCollectionCellViewModel.swift */; };
		5E5C9E7F287701910046807C /* CEMainEventsTableCellViewModel.swift in Sources */ = {isa = PBXBuildFile; fileRef = 5E5C9E7E287701910046807C /* CEMainEventsTableCellViewModel.swift */; };
		5E5C9E81287701FD0046807C /* CEAddEventCollectionCellViewModel.swift in Sources */ = {isa = PBXBuildFile; fileRef = 5E5C9E80287701FD0046807C /* CEAddEventCollectionCellViewModel.swift */; };
		5E5C9E8328770C5B0046807C /* CEFilterViewController.swift in Sources */ = {isa = PBXBuildFile; fileRef = 5E5C9E8228770C5B0046807C /* CEFilterViewController.swift */; };
		5E5C9E8528770C840046807C /* CEFilterViewController.storyboard in Resources */ = {isa = PBXBuildFile; fileRef = 5E5C9E8428770C840046807C /* CEFilterViewController.storyboard */; };
		5E625ACA28618E8700EDB87D /* EventViewController.swift in Sources */ = {isa = PBXBuildFile; fileRef = 5E625AC928618E8700EDB87D /* EventViewController.swift */; };
		5E6DD32128658CCB0081AEBC /* CEMainCalendarViewController.swift in Sources */ = {isa = PBXBuildFile; fileRef = 5E6DD32028658CCB0081AEBC /* CEMainCalendarViewController.swift */; };
		5E6DD3242865C0BA0081AEBC /* CEImageUtility.swift in Sources */ = {isa = PBXBuildFile; fileRef = 5E6DD3232865C0BA0081AEBC /* CEImageUtility.swift */; };
		5E6DD3282865E9610081AEBC /* CEMainCalendarViewModel.swift in Sources */ = {isa = PBXBuildFile; fileRef = 5E6DD3272865E9610081AEBC /* CEMainCalendarViewModel.swift */; };
		5E6DD32A2865EE6F0081AEBC /* CEMainCalendarCollectionViewCell.swift in Sources */ = {isa = PBXBuildFile; fileRef = 5E6DD3292865EE6F0081AEBC /* CEMainCalendarCollectionViewCell.swift */; };
		5E716E362877F5F00017A560 /* CEFilterViewModel.swift in Sources */ = {isa = PBXBuildFile; fileRef = 5E716E352877F5F00017A560 /* CEFilterViewModel.swift */; };
		5E76D5D5286464E000F89D99 /* CEOnboardingViewController.swift in Sources */ = {isa = PBXBuildFile; fileRef = 5E76D5D3286464E000F89D99 /* CEOnboardingViewController.swift */; };
		5E76D5E22864741800F89D99 /* CEOnboardingCalendarCell.swift in Sources */ = {isa = PBXBuildFile; fileRef = 5E76D5E02864741800F89D99 /* CEOnboardingCalendarCell.swift */; };
		5E76D5E32864741800F89D99 /* CEOnboardingCalendarCell.xib in Resources */ = {isa = PBXBuildFile; fileRef = 5E76D5E12864741800F89D99 /* CEOnboardingCalendarCell.xib */; };
		5E76D5E9286475F600F89D99 /* CEOnboardingEventsCell.swift in Sources */ = {isa = PBXBuildFile; fileRef = 5E76D5E7286475F600F89D99 /* CEOnboardingEventsCell.swift */; };
		5E76D5EA286475F600F89D99 /* CEOnboardingEventsCell.xib in Resources */ = {isa = PBXBuildFile; fileRef = 5E76D5E8286475F600F89D99 /* CEOnboardingEventsCell.xib */; };
		5E76D5ED2864761D00F89D99 /* CEOnboardingFilterCell.swift in Sources */ = {isa = PBXBuildFile; fileRef = 5E76D5EB2864761D00F89D99 /* CEOnboardingFilterCell.swift */; };
		5E76D5EE2864761D00F89D99 /* CEOnboardingFilterCell.xib in Resources */ = {isa = PBXBuildFile; fileRef = 5E76D5EC2864761D00F89D99 /* CEOnboardingFilterCell.xib */; };
		5E76D5F62864C24F00F89D99 /* CEOnBoardSummary.xib in Resources */ = {isa = PBXBuildFile; fileRef = 5E76D5F52864C24F00F89D99 /* CEOnBoardSummary.xib */; };
		5E76D5F82864C2A100F89D99 /* CEOnBoardSummary.swift in Sources */ = {isa = PBXBuildFile; fileRef = 5E76D5F72864C2A100F89D99 /* CEOnBoardSummary.swift */; };
		5E76D5FA2864DD8400F89D99 /* CEOnBoardModel.swift in Sources */ = {isa = PBXBuildFile; fileRef = 5E76D5F92864DD8400F89D99 /* CEOnBoardModel.swift */; };
		5E76D5FC2864DF3B00F89D99 /* CEOnBoardViewModel.swift in Sources */ = {isa = PBXBuildFile; fileRef = 5E76D5FB2864DF3B00F89D99 /* CEOnBoardViewModel.swift */; };
		5E776F1C286D655F00B7105C /* CEReusableTableView.swift in Sources */ = {isa = PBXBuildFile; fileRef = 5E776F1B286D655F00B7105C /* CEReusableTableView.swift */; };
		5E776F1E286D65B600B7105C /* CEReusableTableView.xib in Resources */ = {isa = PBXBuildFile; fileRef = 5E776F1D286D65B600B7105C /* CEReusableTableView.xib */; };
		5E790E442875BF9A0028EF6C /* CETaskDetailViewController.swift in Sources */ = {isa = PBXBuildFile; fileRef = 5E790E432875BF9A0028EF6C /* CETaskDetailViewController.swift */; };
		5E790E462875C0390028EF6C /* CETaskDetailViewController.storyboard in Resources */ = {isa = PBXBuildFile; fileRef = 5E790E452875C0390028EF6C /* CETaskDetailViewController.storyboard */; };
		5E7C83ED2872EB3000F5D388 /* CEAlldayEventsCollectionCell.swift in Sources */ = {isa = PBXBuildFile; fileRef = 5E7C83EB2872EB3000F5D388 /* CEAlldayEventsCollectionCell.swift */; };
		5E7C83EE2872EB3000F5D388 /* CEAlldayEventsCollectionCell.xib in Resources */ = {isa = PBXBuildFile; fileRef = 5E7C83EC2872EB3000F5D388 /* CEAlldayEventsCollectionCell.xib */; };
		5E7C83F02874028400F5D388 /* CEEventsOrganizerViewModel.swift in Sources */ = {isa = PBXBuildFile; fileRef = 5E7C83EF2874028400F5D388 /* CEEventsOrganizerViewModel.swift */; };
		5E7C83F22874336C00F5D388 /* CEAddEventViewModel.swift in Sources */ = {isa = PBXBuildFile; fileRef = 5E7C83F12874336C00F5D388 /* CEAddEventViewModel.swift */; };
		5E8304A32859D93E004AE831 /* data.json in Resources */ = {isa = PBXBuildFile; fileRef = 5E8304A22859D93E004AE831 /* data.json */; };
		5E8304A52859E694004AE831 /* EventDisplayCell.swift in Sources */ = {isa = PBXBuildFile; fileRef = 5E8304A42859E694004AE831 /* EventDisplayCell.swift */; };
		5EA9B467285A4C5400034A0D /* MYRIAAMI.TTF in Resources */ = {isa = PBXBuildFile; fileRef = 5EA9B466285A4C5400034A0D /* MYRIAAMI.TTF */; };
		5EA9B469285A4CE900034A0D /* MYRIADAS.TTF in Resources */ = {isa = PBXBuildFile; fileRef = 5EA9B468285A4CE900034A0D /* MYRIADAS.TTF */; };
		5EA9B46B285A4DAB00034A0D /* MYRIADAB.TTF in Resources */ = {isa = PBXBuildFile; fileRef = 5EA9B46A285A4DAB00034A0D /* MYRIADAB.TTF */; };
		5EC150D4287BEA83009EA3B8 /* CEFilterCollectionCell.swift in Sources */ = {isa = PBXBuildFile; fileRef = 5EC150D2287BEA83009EA3B8 /* CEFilterCollectionCell.swift */; };
		5EC150D5287BEA83009EA3B8 /* CEFilterCollectionCell.xib in Resources */ = {isa = PBXBuildFile; fileRef = 5EC150D3287BEA83009EA3B8 /* CEFilterCollectionCell.xib */; };
		5EC150D7287BFC16009EA3B8 /* CECheckBox.swift in Sources */ = {isa = PBXBuildFile; fileRef = 5EC150D6287BFC16009EA3B8 /* CECheckBox.swift */; };
		5EFA729928716B4600203762 /* CEEventsOrganizerViewController.swift in Sources */ = {isa = PBXBuildFile; fileRef = 5EFA729828716B4600203762 /* CEEventsOrganizerViewController.swift */; };
		5EFA729B28716B7700203762 /* CEEventsOrganizerViewController.storyboard in Resources */ = {isa = PBXBuildFile; fileRef = 5EFA729A28716B7700203762 /* CEEventsOrganizerViewController.storyboard */; };
		EA74C1CB239C696C0593D813 /* Pods_CalenderTask.framework in Frameworks */ = {isa = PBXBuildFile; fileRef = 5AB09A44191C7D942E16EEAB /* Pods_CalenderTask.framework */; };
/* End PBXBuildFile section */

/* Begin PBXContainerItemProxy section */
		5E145712285219640078AF31 /* PBXContainerItemProxy */ = {
			isa = PBXContainerItemProxy;
			containerPortal = 5E1456F32852195F0078AF31 /* Project object */;
			proxyType = 1;
			remoteGlobalIDString = 5E1456FA2852195F0078AF31;
			remoteInfo = CalenderTask;
		};
		5E14571C285219640078AF31 /* PBXContainerItemProxy */ = {
			isa = PBXContainerItemProxy;
			containerPortal = 5E1456F32852195F0078AF31 /* Project object */;
			proxyType = 1;
			remoteGlobalIDString = 5E1456FA2852195F0078AF31;
			remoteInfo = CalenderTask;
		};
/* End PBXContainerItemProxy section */

/* Begin PBXFileReference section */
		1F103482D2602601602D6A9D /* Pods-CalenderTaskTests.release.xcconfig */ = {isa = PBXFileReference; includeInIndex = 1; lastKnownFileType = text.xcconfig; name = "Pods-CalenderTaskTests.release.xcconfig"; path = "Target Support Files/Pods-CalenderTaskTests/Pods-CalenderTaskTests.release.xcconfig"; sourceTree = "<group>"; };
		32D96E0887152EC86E9ADB3B /* Pods_CalenderTaskTests.framework */ = {isa = PBXFileReference; explicitFileType = wrapper.framework; includeInIndex = 0; path = Pods_CalenderTaskTests.framework; sourceTree = BUILT_PRODUCTS_DIR; };
		34D49A5CBACE294578CADB54 /* Pods-CalenderTask-CalenderTaskUITests.release.xcconfig */ = {isa = PBXFileReference; includeInIndex = 1; lastKnownFileType = text.xcconfig; name = "Pods-CalenderTask-CalenderTaskUITests.release.xcconfig"; path = "Target Support Files/Pods-CalenderTask-CalenderTaskUITests/Pods-CalenderTask-CalenderTaskUITests.release.xcconfig"; sourceTree = "<group>"; };
		3CDD136D3ED8BCF423FB29DF /* Pods-CalenderTask.debug.xcconfig */ = {isa = PBXFileReference; includeInIndex = 1; lastKnownFileType = text.xcconfig; name = "Pods-CalenderTask.debug.xcconfig"; path = "Target Support Files/Pods-CalenderTask/Pods-CalenderTask.debug.xcconfig"; sourceTree = "<group>"; };
		58ECEDBB89A248EF473DA25C /* Pods_CalenderTask_CalenderTaskUITests.framework */ = {isa = PBXFileReference; explicitFileType = wrapper.framework; includeInIndex = 0; path = Pods_CalenderTask_CalenderTaskUITests.framework; sourceTree = BUILT_PRODUCTS_DIR; };
		5AB09A44191C7D942E16EEAB /* Pods_CalenderTask.framework */ = {isa = PBXFileReference; explicitFileType = wrapper.framework; includeInIndex = 0; path = Pods_CalenderTask.framework; sourceTree = BUILT_PRODUCTS_DIR; };
		5E103D4E2871B4B400906D00 /* CEEventsOrganizerCollectionCell.swift */ = {isa = PBXFileReference; lastKnownFileType = sourcecode.swift; path = CEEventsOrganizerCollectionCell.swift; sourceTree = "<group>"; };
		5E103D4F2871B4B400906D00 /* CEEventsOrganizerCollectionCell.xib */ = {isa = PBXFileReference; lastKnownFileType = file.xib; path = CEEventsOrganizerCollectionCell.xib; sourceTree = "<group>"; };
		5E103D522871C16B00906D00 /* PinterestLayout.swift */ = {isa = PBXFileReference; lastKnownFileType = sourcecode.swift; path = PinterestLayout.swift; sourceTree = "<group>"; };
		5E1456FB2852195F0078AF31 /* CalenderTask.app */ = {isa = PBXFileReference; explicitFileType = wrapper.application; includeInIndex = 0; path = CalenderTask.app; sourceTree = BUILT_PRODUCTS_DIR; };
		5E1456FE2852195F0078AF31 /* AppDelegate.swift */ = {isa = PBXFileReference; lastKnownFileType = sourcecode.swift; path = AppDelegate.swift; sourceTree = "<group>"; };
		5E1457002852195F0078AF31 /* SceneDelegate.swift */ = {isa = PBXFileReference; lastKnownFileType = sourcecode.swift; path = SceneDelegate.swift; sourceTree = "<group>"; };
		5E1457022852195F0078AF31 /* ViewController.swift */ = {isa = PBXFileReference; lastKnownFileType = sourcecode.swift; path = ViewController.swift; sourceTree = "<group>"; };
		5E1457052852195F0078AF31 /* Base */ = {isa = PBXFileReference; lastKnownFileType = file.storyboard; name = Base; path = Base.lproj/Main.storyboard; sourceTree = "<group>"; };
		5E145707285219630078AF31 /* Assets.xcassets */ = {isa = PBXFileReference; lastKnownFileType = folder.assetcatalog; path = Assets.xcassets; sourceTree = "<group>"; };
		5E14570A285219630078AF31 /* Base */ = {isa = PBXFileReference; lastKnownFileType = file.storyboard; name = Base; path = Base.lproj/LaunchScreen.storyboard; sourceTree = "<group>"; };
		5E14570C285219630078AF31 /* Info.plist */ = {isa = PBXFileReference; lastKnownFileType = text.plist.xml; path = Info.plist; sourceTree = "<group>"; };
		5E145711285219640078AF31 /* CalenderTaskTests.xctest */ = {isa = PBXFileReference; explicitFileType = wrapper.cfbundle; includeInIndex = 0; path = CalenderTaskTests.xctest; sourceTree = BUILT_PRODUCTS_DIR; };
		5E145715285219640078AF31 /* CalenderTaskTests.swift */ = {isa = PBXFileReference; lastKnownFileType = sourcecode.swift; path = CalenderTaskTests.swift; sourceTree = "<group>"; };
		5E14571B285219640078AF31 /* CalenderTaskUITests.xctest */ = {isa = PBXFileReference; explicitFileType = wrapper.cfbundle; includeInIndex = 0; path = CalenderTaskUITests.xctest; sourceTree = BUILT_PRODUCTS_DIR; };
		5E14571F285219640078AF31 /* CalenderTaskUITests.swift */ = {isa = PBXFileReference; lastKnownFileType = sourcecode.swift; path = CalenderTaskUITests.swift; sourceTree = "<group>"; };
		5E145721285219640078AF31 /* CalenderTaskUITestsLaunchTests.swift */ = {isa = PBXFileReference; lastKnownFileType = sourcecode.swift; path = CalenderTaskUITestsLaunchTests.swift; sourceTree = "<group>"; };
		5E14572E285222200078AF31 /* CalenderViewController.swift */ = {isa = PBXFileReference; lastKnownFileType = sourcecode.swift; path = CalenderViewController.swift; sourceTree = "<group>"; };
		5E18FDCB286E10620035F046 /* CEData.json */ = {isa = PBXFileReference; fileEncoding = 4; lastKnownFileType = text.json; path = CEData.json; sourceTree = SOURCE_ROOT; };
		5E18FDCD286E15CC0035F046 /* CEEventModel.swift */ = {isa = PBXFileReference; lastKnownFileType = sourcecode.swift; path = CEEventModel.swift; sourceTree = "<group>"; };
		5E18FDD0286E20770035F046 /* CECoreDataModel.xcdatamodel */ = {isa = PBXFileReference; lastKnownFileType = wrapper.xcdatamodel; path = CECoreDataModel.xcdatamodel; sourceTree = "<group>"; };
		5E18FDDD286EF4380035F046 /* CEAddEventViewController.swift */ = {isa = PBXFileReference; lastKnownFileType = sourcecode.swift; path = CEAddEventViewController.swift; sourceTree = "<group>"; };
		5E18FDDF286EF45A0035F046 /* CEAddEventViewController.storyboard */ = {isa = PBXFileReference; lastKnownFileType = file.storyboard; path = CEAddEventViewController.storyboard; sourceTree = "<group>"; };
		5E18FDE5286F08880035F046 /* CECoreData.swift */ = {isa = PBXFileReference; lastKnownFileType = sourcecode.swift; path = CECoreData.swift; sourceTree = "<group>"; };
		5E18FDE7286F16BC0035F046 /* CEPersistanceService.swift */ = {isa = PBXFileReference; lastKnownFileType = sourcecode.swift; path = CEPersistanceService.swift; sourceTree = "<group>"; };
		5E26851F28576C7F004AEFF7 /* EventModel.swift */ = {isa = PBXFileReference; lastKnownFileType = sourcecode.swift; path = EventModel.swift; sourceTree = "<group>"; };
		5E2F97E128696F9D002D1DFE /* CEMainEventsTableViewCell.swift */ = {isa = PBXFileReference; lastKnownFileType = sourcecode.swift; path = CEMainEventsTableViewCell.swift; sourceTree = "<group>"; };
		5E2F97E228696F9D002D1DFE /* CEMainEventsTableViewCell.xib */ = {isa = PBXFileReference; lastKnownFileType = file.xib; path = CEMainEventsTableViewCell.xib; sourceTree = "<group>"; };
		5E2F97E528698997002D1DFE /* CEOnboarding.storyboard */ = {isa = PBXFileReference; lastKnownFileType = file.storyboard; path = CEOnboarding.storyboard; sourceTree = "<group>"; };
		5E2F97E72869925A002D1DFE /* CEOnboardingContentController.swift */ = {isa = PBXFileReference; lastKnownFileType = sourcecode.swift; path = CEOnboardingContentController.swift; sourceTree = "<group>"; };
		5E2F97E9286994CD002D1DFE /* CEOnboardPageController.swift */ = {isa = PBXFileReference; lastKnownFileType = sourcecode.swift; path = CEOnboardPageController.swift; sourceTree = "<group>"; };
		5E2F97EB2869A9F4002D1DFE /* CEOnboardViewController.swift */ = {isa = PBXFileReference; lastKnownFileType = sourcecode.swift; path = CEOnboardViewController.swift; sourceTree = "<group>"; };
		5E2F97EE2869B90A002D1DFE /* LottieCalendar.json */ = {isa = PBXFileReference; fileEncoding = 4; lastKnownFileType = text.json; path = LottieCalendar.json; sourceTree = "<group>"; };
		5E2F97EF2869B90A002D1DFE /* LottieCustomCalendar.json */ = {isa = PBXFileReference; fileEncoding = 4; lastKnownFileType = text.json; path = LottieCustomCalendar.json; sourceTree = "<group>"; };
		5E2F97F02869B90A002D1DFE /* LottieFilter.json */ = {isa = PBXFileReference; fileEncoding = 4; lastKnownFileType = text.json; path = LottieFilter.json; sourceTree = "<group>"; };
		5E2F97F12869B90B002D1DFE /* LottieEvents.json */ = {isa = PBXFileReference; fileEncoding = 4; lastKnownFileType = text.json; path = LottieEvents.json; sourceTree = "<group>"; };
		5E2F9806286B097D002D1DFE /* CELabel.swift */ = {isa = PBXFileReference; lastKnownFileType = sourcecode.swift; path = CELabel.swift; sourceTree = "<group>"; };
		5E2F9808286B098C002D1DFE /* CEButton.swift */ = {isa = PBXFileReference; lastKnownFileType = sourcecode.swift; path = CEButton.swift; sourceTree = "<group>"; };
		5E2F980B286B0BDC002D1DFE /* CEPresentTitleSummary.swift */ = {isa = PBXFileReference; lastKnownFileType = sourcecode.swift; path = CEPresentTitleSummary.swift; sourceTree = "<group>"; };
		5E2F980D286B0C07002D1DFE /* CEPresentTitleSummary.xib */ = {isa = PBXFileReference; lastKnownFileType = file.xib; path = CEPresentTitleSummary.xib; sourceTree = "<group>"; };
		5E2F9810286B15CA002D1DFE /* CECustomButtons.swift */ = {isa = PBXFileReference; lastKnownFileType = sourcecode.swift; path = CECustomButtons.swift; sourceTree = "<group>"; };
		5E2F9812286B15DD002D1DFE /* CECustomButtons.xib */ = {isa = PBXFileReference; lastKnownFileType = file.xib; path = CECustomButtons.xib; sourceTree = "<group>"; };
		5E2F9815286B34C0002D1DFE /* CEPresentDateHeader.swift */ = {isa = PBXFileReference; lastKnownFileType = sourcecode.swift; path = CEPresentDateHeader.swift; sourceTree = "<group>"; };
		5E2F9817286B34D9002D1DFE /* CEPresentDateHeader.xib */ = {isa = PBXFileReference; lastKnownFileType = file.xib; path = CEPresentDateHeader.xib; sourceTree = "<group>"; };
		5E45BFD8285B075900D56140 /* EmptyEventDisplayCell.swift */ = {isa = PBXFileReference; lastKnownFileType = sourcecode.swift; path = EmptyEventDisplayCell.swift; sourceTree = "<group>"; };
		5E553831287026EB0067C3F1 /* CalendarEvent+CoreDataClass.swift */ = {isa = PBXFileReference; lastKnownFileType = sourcecode.swift; path = "CalendarEvent+CoreDataClass.swift"; sourceTree = "<group>"; };
		5E553832287026EB0067C3F1 /* CalendarEvent+CoreDataProperties.swift */ = {isa = PBXFileReference; lastKnownFileType = sourcecode.swift; path = "CalendarEvent+CoreDataProperties.swift"; sourceTree = "<group>"; };
		5E55383A28705E650067C3F1 /* CEAddEventView.swift */ = {isa = PBXFileReference; lastKnownFileType = sourcecode.swift; path = CEAddEventView.swift; sourceTree = "<group>"; };
		5E55383C28705EBF0067C3F1 /* CEAddEventView.xib */ = {isa = PBXFileReference; lastKnownFileType = file.xib; path = CEAddEventView.xib; sourceTree = "<group>"; };
		5E55383F287092BB0067C3F1 /* CEReusableCollectionView.swift */ = {isa = PBXFileReference; lastKnownFileType = sourcecode.swift; path = CEReusableCollectionView.swift; sourceTree = "<group>"; };
		5E553841287092D60067C3F1 /* CEReusableCollectionView.xib */ = {isa = PBXFileReference; lastKnownFileType = file.xib; path = CEReusableCollectionView.xib; sourceTree = "<group>"; };
		5E55384B287097D50067C3F1 /* CEAddEventCollectionCell.swift */ = {isa = PBXFileReference; lastKnownFileType = sourcecode.swift; path = CEAddEventCollectionCell.swift; sourceTree = "<group>"; };
		5E55384C287097D50067C3F1 /* CEAddEventCollectionCell.xib */ = {isa = PBXFileReference; lastKnownFileType = file.xib; path = CEAddEventCollectionCell.xib; sourceTree = "<group>"; };
		5E5C58ED2856FA9A006DF9D5 /* CalendarCell.swift */ = {isa = PBXFileReference; lastKnownFileType = sourcecode.swift; path = CalendarCell.swift; sourceTree = "<group>"; };
		5E5C58EF28570364006DF9D5 /* CalendarViewModel.swift */ = {isa = PBXFileReference; lastKnownFileType = sourcecode.swift; path = CalendarViewModel.swift; sourceTree = "<group>"; };
		5E5C9E782876E52C0046807C /* CETaskDetailViewModel.swift */ = {isa = PBXFileReference; lastKnownFileType = sourcecode.swift; path = CETaskDetailViewModel.swift; sourceTree = "<group>"; };
		5E5C9E7A2876F93D0046807C /* CEEventsOrganizerCellViewModel.swift */ = {isa = PBXFileReference; lastKnownFileType = sourcecode.swift; path = CEEventsOrganizerCellViewModel.swift; sourceTree = "<group>"; };
		5E5C9E7C287701480046807C /* CEAlldayEventsCollectionCellViewModel.swift */ = {isa = PBXFileReference; lastKnownFileType = sourcecode.swift; path = CEAlldayEventsCollectionCellViewModel.swift; sourceTree = "<group>"; };
		5E5C9E7E287701910046807C /* CEMainEventsTableCellViewModel.swift */ = {isa = PBXFileReference; lastKnownFileType = sourcecode.swift; path = CEMainEventsTableCellViewModel.swift; sourceTree = "<group>"; };
		5E5C9E80287701FD0046807C /* CEAddEventCollectionCellViewModel.swift */ = {isa = PBXFileReference; lastKnownFileType = sourcecode.swift; path = CEAddEventCollectionCellViewModel.swift; sourceTree = "<group>"; };
		5E5C9E8228770C5B0046807C /* CEFilterViewController.swift */ = {isa = PBXFileReference; lastKnownFileType = sourcecode.swift; path = CEFilterViewController.swift; sourceTree = "<group>"; };
		5E5C9E8428770C840046807C /* CEFilterViewController.storyboard */ = {isa = PBXFileReference; lastKnownFileType = file.storyboard; path = CEFilterViewController.storyboard; sourceTree = "<group>"; };
		5E625AC928618E8700EDB87D /* EventViewController.swift */ = {isa = PBXFileReference; lastKnownFileType = sourcecode.swift; path = EventViewController.swift; sourceTree = "<group>"; };
		5E6DD32028658CCB0081AEBC /* CEMainCalendarViewController.swift */ = {isa = PBXFileReference; lastKnownFileType = sourcecode.swift; path = CEMainCalendarViewController.swift; sourceTree = "<group>"; };
		5E6DD3232865C0BA0081AEBC /* CEImageUtility.swift */ = {isa = PBXFileReference; lastKnownFileType = sourcecode.swift; path = CEImageUtility.swift; sourceTree = "<group>"; };
		5E6DD3272865E9610081AEBC /* CEMainCalendarViewModel.swift */ = {isa = PBXFileReference; lastKnownFileType = sourcecode.swift; path = CEMainCalendarViewModel.swift; sourceTree = "<group>"; };
		5E6DD3292865EE6F0081AEBC /* CEMainCalendarCollectionViewCell.swift */ = {isa = PBXFileReference; lastKnownFileType = sourcecode.swift; path = CEMainCalendarCollectionViewCell.swift; sourceTree = "<group>"; };
		5E716E352877F5F00017A560 /* CEFilterViewModel.swift */ = {isa = PBXFileReference; lastKnownFileType = sourcecode.swift; path = CEFilterViewModel.swift; sourceTree = "<group>"; };
		5E76D5D3286464E000F89D99 /* CEOnboardingViewController.swift */ = {isa = PBXFileReference; lastKnownFileType = sourcecode.swift; path = CEOnboardingViewController.swift; sourceTree = "<group>"; };
		5E76D5E02864741800F89D99 /* CEOnboardingCalendarCell.swift */ = {isa = PBXFileReference; lastKnownFileType = sourcecode.swift; path = CEOnboardingCalendarCell.swift; sourceTree = "<group>"; };
		5E76D5E12864741800F89D99 /* CEOnboardingCalendarCell.xib */ = {isa = PBXFileReference; lastKnownFileType = file.xib; path = CEOnboardingCalendarCell.xib; sourceTree = "<group>"; };
		5E76D5E7286475F600F89D99 /* CEOnboardingEventsCell.swift */ = {isa = PBXFileReference; lastKnownFileType = sourcecode.swift; path = CEOnboardingEventsCell.swift; sourceTree = "<group>"; };
		5E76D5E8286475F600F89D99 /* CEOnboardingEventsCell.xib */ = {isa = PBXFileReference; lastKnownFileType = file.xib; path = CEOnboardingEventsCell.xib; sourceTree = "<group>"; };
		5E76D5EB2864761D00F89D99 /* CEOnboardingFilterCell.swift */ = {isa = PBXFileReference; lastKnownFileType = sourcecode.swift; path = CEOnboardingFilterCell.swift; sourceTree = "<group>"; };
		5E76D5EC2864761D00F89D99 /* CEOnboardingFilterCell.xib */ = {isa = PBXFileReference; lastKnownFileType = file.xib; path = CEOnboardingFilterCell.xib; sourceTree = "<group>"; };
		5E76D5F52864C24F00F89D99 /* CEOnBoardSummary.xib */ = {isa = PBXFileReference; lastKnownFileType = file.xib; path = CEOnBoardSummary.xib; sourceTree = "<group>"; };
		5E76D5F72864C2A100F89D99 /* CEOnBoardSummary.swift */ = {isa = PBXFileReference; lastKnownFileType = sourcecode.swift; path = CEOnBoardSummary.swift; sourceTree = "<group>"; };
		5E76D5F92864DD8400F89D99 /* CEOnBoardModel.swift */ = {isa = PBXFileReference; lastKnownFileType = sourcecode.swift; path = CEOnBoardModel.swift; sourceTree = "<group>"; };
		5E76D5FB2864DF3B00F89D99 /* CEOnBoardViewModel.swift */ = {isa = PBXFileReference; lastKnownFileType = sourcecode.swift; path = CEOnBoardViewModel.swift; sourceTree = "<group>"; };
		5E776F1B286D655F00B7105C /* CEReusableTableView.swift */ = {isa = PBXFileReference; lastKnownFileType = sourcecode.swift; path = CEReusableTableView.swift; sourceTree = "<group>"; };
		5E776F1D286D65B600B7105C /* CEReusableTableView.xib */ = {isa = PBXFileReference; lastKnownFileType = file.xib; path = CEReusableTableView.xib; sourceTree = "<group>"; };
		5E790E432875BF9A0028EF6C /* CETaskDetailViewController.swift */ = {isa = PBXFileReference; lastKnownFileType = sourcecode.swift; path = CETaskDetailViewController.swift; sourceTree = "<group>"; };
		5E790E452875C0390028EF6C /* CETaskDetailViewController.storyboard */ = {isa = PBXFileReference; lastKnownFileType = file.storyboard; path = CETaskDetailViewController.storyboard; sourceTree = "<group>"; };
		5E7C83EB2872EB3000F5D388 /* CEAlldayEventsCollectionCell.swift */ = {isa = PBXFileReference; lastKnownFileType = sourcecode.swift; path = CEAlldayEventsCollectionCell.swift; sourceTree = "<group>"; };
		5E7C83EC2872EB3000F5D388 /* CEAlldayEventsCollectionCell.xib */ = {isa = PBXFileReference; lastKnownFileType = file.xib; path = CEAlldayEventsCollectionCell.xib; sourceTree = "<group>"; };
		5E7C83EF2874028400F5D388 /* CEEventsOrganizerViewModel.swift */ = {isa = PBXFileReference; lastKnownFileType = sourcecode.swift; path = CEEventsOrganizerViewModel.swift; sourceTree = "<group>"; };
		5E7C83F12874336C00F5D388 /* CEAddEventViewModel.swift */ = {isa = PBXFileReference; lastKnownFileType = sourcecode.swift; path = CEAddEventViewModel.swift; sourceTree = "<group>"; };
		5E8304A22859D93E004AE831 /* data.json */ = {isa = PBXFileReference; lastKnownFileType = text.json; path = data.json; sourceTree = "<group>"; };
		5E8304A42859E694004AE831 /* EventDisplayCell.swift */ = {isa = PBXFileReference; lastKnownFileType = sourcecode.swift; path = EventDisplayCell.swift; sourceTree = "<group>"; };
		5EA9B466285A4C5400034A0D /* MYRIAAMI.TTF */ = {isa = PBXFileReference; lastKnownFileType = file; path = MYRIAAMI.TTF; sourceTree = "<group>"; };
		5EA9B468285A4CE900034A0D /* MYRIADAS.TTF */ = {isa = PBXFileReference; lastKnownFileType = file; path = MYRIADAS.TTF; sourceTree = "<group>"; };
		5EA9B46A285A4DAB00034A0D /* MYRIADAB.TTF */ = {isa = PBXFileReference; lastKnownFileType = file; path = MYRIADAB.TTF; sourceTree = "<group>"; };
		5EC150D2287BEA83009EA3B8 /* CEFilterCollectionCell.swift */ = {isa = PBXFileReference; lastKnownFileType = sourcecode.swift; path = CEFilterCollectionCell.swift; sourceTree = "<group>"; };
		5EC150D3287BEA83009EA3B8 /* CEFilterCollectionCell.xib */ = {isa = PBXFileReference; lastKnownFileType = file.xib; path = CEFilterCollectionCell.xib; sourceTree = "<group>"; };
		5EC150D6287BFC16009EA3B8 /* CECheckBox.swift */ = {isa = PBXFileReference; lastKnownFileType = sourcecode.swift; path = CECheckBox.swift; sourceTree = "<group>"; };
		5EFA729828716B4600203762 /* CEEventsOrganizerViewController.swift */ = {isa = PBXFileReference; lastKnownFileType = sourcecode.swift; path = CEEventsOrganizerViewController.swift; sourceTree = "<group>"; };
		5EFA729A28716B7700203762 /* CEEventsOrganizerViewController.storyboard */ = {isa = PBXFileReference; lastKnownFileType = file.storyboard; path = CEEventsOrganizerViewController.storyboard; sourceTree = "<group>"; };
		60DDEDB64972A22ECCAEDC53 /* Pods-CalenderTask.release.xcconfig */ = {isa = PBXFileReference; includeInIndex = 1; lastKnownFileType = text.xcconfig; name = "Pods-CalenderTask.release.xcconfig"; path = "Target Support Files/Pods-CalenderTask/Pods-CalenderTask.release.xcconfig"; sourceTree = "<group>"; };
		77560DB1A566F8E02D3CA41B /* Pods-CalenderTaskTests.debug.xcconfig */ = {isa = PBXFileReference; includeInIndex = 1; lastKnownFileType = text.xcconfig; name = "Pods-CalenderTaskTests.debug.xcconfig"; path = "Target Support Files/Pods-CalenderTaskTests/Pods-CalenderTaskTests.debug.xcconfig"; sourceTree = "<group>"; };
		95F2ADB6FE796D8B7CC1B905 /* Pods-CalenderTask-CalenderTaskUITests.debug.xcconfig */ = {isa = PBXFileReference; includeInIndex = 1; lastKnownFileType = text.xcconfig; name = "Pods-CalenderTask-CalenderTaskUITests.debug.xcconfig"; path = "Target Support Files/Pods-CalenderTask-CalenderTaskUITests/Pods-CalenderTask-CalenderTaskUITests.debug.xcconfig"; sourceTree = "<group>"; };
/* End PBXFileReference section */

/* Begin PBXFrameworksBuildPhase section */
		5E1456F82852195F0078AF31 /* Frameworks */ = {
			isa = PBXFrameworksBuildPhase;
			buildActionMask = 2147483647;
			files = (
				EA74C1CB239C696C0593D813 /* Pods_CalenderTask.framework in Frameworks */,
			);
			runOnlyForDeploymentPostprocessing = 0;
		};
		5E14570E285219640078AF31 /* Frameworks */ = {
			isa = PBXFrameworksBuildPhase;
			buildActionMask = 2147483647;
			files = (
				4DA7244C8E60920C9C66C477 /* Pods_CalenderTaskTests.framework in Frameworks */,
			);
			runOnlyForDeploymentPostprocessing = 0;
		};
		5E145718285219640078AF31 /* Frameworks */ = {
			isa = PBXFrameworksBuildPhase;
			buildActionMask = 2147483647;
			files = (
				2103AEEB8307F8BB95B89A3A /* Pods_CalenderTask_CalenderTaskUITests.framework in Frameworks */,
			);
			runOnlyForDeploymentPostprocessing = 0;
		};
/* End PBXFrameworksBuildPhase section */

/* Begin PBXGroup section */
		223D0445580926DF76E9F7FC /* Pods */ = {
			isa = PBXGroup;
			children = (
				3CDD136D3ED8BCF423FB29DF /* Pods-CalenderTask.debug.xcconfig */,
				60DDEDB64972A22ECCAEDC53 /* Pods-CalenderTask.release.xcconfig */,
				95F2ADB6FE796D8B7CC1B905 /* Pods-CalenderTask-CalenderTaskUITests.debug.xcconfig */,
				34D49A5CBACE294578CADB54 /* Pods-CalenderTask-CalenderTaskUITests.release.xcconfig */,
				77560DB1A566F8E02D3CA41B /* Pods-CalenderTaskTests.debug.xcconfig */,
				1F103482D2602601602D6A9D /* Pods-CalenderTaskTests.release.xcconfig */,
			);
			path = Pods;
			sourceTree = "<group>";
		};
		44D12FC968DAF05463A8DD71 /* Frameworks */ = {
			isa = PBXGroup;
			children = (
				5AB09A44191C7D942E16EEAB /* Pods_CalenderTask.framework */,
				58ECEDBB89A248EF473DA25C /* Pods_CalenderTask_CalenderTaskUITests.framework */,
				32D96E0887152EC86E9ADB3B /* Pods_CalenderTaskTests.framework */,
			);
			name = Frameworks;
			sourceTree = "<group>";
		};
		5E103D4D2871B45B00906D00 /* Cells */ = {
			isa = PBXGroup;
			children = (
				5E103D4E2871B4B400906D00 /* CEEventsOrganizerCollectionCell.swift */,
				5E103D4F2871B4B400906D00 /* CEEventsOrganizerCollectionCell.xib */,
				5E5C9E7A2876F93D0046807C /* CEEventsOrganizerCellViewModel.swift */,
				5E103D522871C16B00906D00 /* PinterestLayout.swift */,
			);
			path = Cells;
			sourceTree = "<group>";
		};
		5E1456F22852195E0078AF31 = {
			isa = PBXGroup;
			children = (
				5E1456FD2852195F0078AF31 /* CalenderTask */,
				5E145714285219640078AF31 /* CalenderTaskTests */,
				5E14571E285219640078AF31 /* CalenderTaskUITests */,
				5E1456FC2852195F0078AF31 /* Products */,
				223D0445580926DF76E9F7FC /* Pods */,
				44D12FC968DAF05463A8DD71 /* Frameworks */,
			);
			sourceTree = "<group>";
		};
		5E1456FC2852195F0078AF31 /* Products */ = {
			isa = PBXGroup;
			children = (
				5E1456FB2852195F0078AF31 /* CalenderTask.app */,
				5E145711285219640078AF31 /* CalenderTaskTests.xctest */,
				5E14571B285219640078AF31 /* CalenderTaskUITests.xctest */,
			);
			name = Products;
			sourceTree = "<group>";
		};
		5E1456FD2852195F0078AF31 /* CalenderTask */ = {
			isa = PBXGroup;
			children = (
				5E18FDDC286ED2290035F046 /* CalendarEventCore */,
				5E2F97ED2869B8C6002D1DFE /* Assets */,
				5E5C58F4285744C6006DF9D5 /* Delegates */,
				5EA9B465285A4C0400034A0D /* Fonts */,
				5E26852C28588CE4004AEFF7 /* Events */,
				5E26852D28589768004AEFF7 /* Calendar */,
				5E26851E28576C5B004AEFF7 /* Model */,
				5E5C58F328574496006DF9D5 /* ViewControllers */,
				5E145707285219630078AF31 /* Assets.xcassets */,
				5E145709285219630078AF31 /* LaunchScreen.storyboard */,
				5E14570C285219630078AF31 /* Info.plist */,
				5E18FDCF286E20770035F046 /* CECoreDataModel.xcdatamodeld */,
				5E8304A22859D93E004AE831 /* data.json */,
				5E18FDCB286E10620035F046 /* CEData.json */,
				5E18FDCD286E15CC0035F046 /* CEEventModel.swift */,
				5E1457042852195F0078AF31 /* Main.storyboard */,
				5E2F9802286AE511002D1DFE /* Views */,
				5EBC5051287D3A9F00F19AFB /* Templets */,
				5E55383728703F8D0067C3F1 /* CoreData */,
				5E76D5CF286460BE00F89D99 /* CEOnboardExample */,
				5E6DD3222865C08A0081AEBC /* CEUtilities */,
				5E6DD3262865E8540081AEBC /* CEModels */,
			);
			path = CalenderTask;
			sourceTree = "<group>";
		};
		5E145714285219640078AF31 /* CalenderTaskTests */ = {
			isa = PBXGroup;
			children = (
				5E145715285219640078AF31 /* CalenderTaskTests.swift */,
			);
			path = CalenderTaskTests;
			sourceTree = "<group>";
		};
		5E14571E285219640078AF31 /* CalenderTaskUITests */ = {
			isa = PBXGroup;
			children = (
				5E14571F285219640078AF31 /* CalenderTaskUITests.swift */,
				5E145721285219640078AF31 /* CalenderTaskUITestsLaunchTests.swift */,
			);
			path = CalenderTaskUITests;
			sourceTree = "<group>";
		};
		5E18FDDC286ED2290035F046 /* CalendarEventCore */ = {
			isa = PBXGroup;
			children = (
				5E553831287026EB0067C3F1 /* CalendarEvent+CoreDataClass.swift */,
				5E553832287026EB0067C3F1 /* CalendarEvent+CoreDataProperties.swift */,
			);
			path = CalendarEventCore;
			sourceTree = "<group>";
		};
		5E26851E28576C5B004AEFF7 /* Model */ = {
			isa = PBXGroup;
			children = (
				5E26851F28576C7F004AEFF7 /* EventModel.swift */,
			);
			path = Model;
			sourceTree = "<group>";
		};
		5E26852C28588CE4004AEFF7 /* Events */ = {
			isa = PBXGroup;
			children = (
				5E625AC928618E8700EDB87D /* EventViewController.swift */,
				5E8304A42859E694004AE831 /* EventDisplayCell.swift */,
				5E45BFD8285B075900D56140 /* EmptyEventDisplayCell.swift */,
			);
			path = Events;
			sourceTree = "<group>";
		};
		5E26852D28589768004AEFF7 /* Calendar */ = {
			isa = PBXGroup;
			children = (
				5E14572E285222200078AF31 /* CalenderViewController.swift */,
				5E5C58ED2856FA9A006DF9D5 /* CalendarCell.swift */,
				5E5C58EF28570364006DF9D5 /* CalendarViewModel.swift */,
			);
			path = Calendar;
			sourceTree = "<group>";
		};
		5E2F97ED2869B8C6002D1DFE /* Assets */ = {
			isa = PBXGroup;
			children = (
				5E2F97EE2869B90A002D1DFE /* LottieCalendar.json */,
				5E2F97EF2869B90A002D1DFE /* LottieCustomCalendar.json */,
				5E2F97F12869B90B002D1DFE /* LottieEvents.json */,
				5E2F97F02869B90A002D1DFE /* LottieFilter.json */,
			);
			path = Assets;
			sourceTree = "<group>";
		};
		5E2F97F62869DA82002D1DFE /* CEOnboard */ = {
			isa = PBXGroup;
			children = (
				5E2F97E528698997002D1DFE /* CEOnboarding.storyboard */,
				5E2F97EB2869A9F4002D1DFE /* CEOnboardViewController.swift */,
				5E2F97E72869925A002D1DFE /* CEOnboardingContentController.swift */,
				5E2F97E9286994CD002D1DFE /* CEOnboardPageController.swift */,
				5E76D5FB2864DF3B00F89D99 /* CEOnBoardViewModel.swift */,
			);
			path = CEOnboard;
			sourceTree = "<group>";
		};
		5E2F9801286AC07F002D1DFE /* CEFilter */ = {
			isa = PBXGroup;
			children = (
				5E5C9E8228770C5B0046807C /* CEFilterViewController.swift */,
				5E5C9E8428770C840046807C /* CEFilterViewController.storyboard */,
				5E716E352877F5F00017A560 /* CEFilterViewModel.swift */,
			);
			path = CEFilter;
			sourceTree = "<group>";
		};
		5E2F9802286AE511002D1DFE /* Views */ = {
			isa = PBXGroup;
			children = (
				5E2F9803286AE53D002D1DFE /* Atoms */,
				5E2F9804286AE547002D1DFE /* Molecules */,
				5E2F9805286AE555002D1DFE /* Organisum */,
			);
			path = Views;
			sourceTree = "<group>";
		};
		5E2F9803286AE53D002D1DFE /* Atoms */ = {
			isa = PBXGroup;
			children = (
				5E2F9806286B097D002D1DFE /* CELabel.swift */,
				5E2F9808286B098C002D1DFE /* CEButton.swift */,
			);
			path = Atoms;
			sourceTree = "<group>";
		};
		5E2F9804286AE547002D1DFE /* Molecules */ = {
			isa = PBXGroup;
			children = (
				5E2F980F286B1508002D1DFE /* CECustomButtons */,
				5E2F980A286B0B4B002D1DFE /* CEPresentTitleSummary */,
			);
			path = Molecules;
			sourceTree = "<group>";
		};
		5E2F9805286AE555002D1DFE /* Organisum */ = {
			isa = PBXGroup;
			children = (
				5EBC5055287D3DAE00F19AFB /* CEEventOrganizerViews */,
				5EBC5054287D3D7D00F19AFB /* CEFilterViews */,
				5EBC5053287D3CF600F19AFB /* CEAddEventViews */,
				5EBC5052287D3C9B00F19AFB /* CEMainCalendarView */,
				5E55383E287091F60067C3F1 /* CEReusableCollectionView */,
				5E776F16286D624D00B7105C /* CEReusableTableview */,
			);
			path = Organisum;
			sourceTree = "<group>";
		};
		5E2F980A286B0B4B002D1DFE /* CEPresentTitleSummary */ = {
			isa = PBXGroup;
			children = (
				5E2F980B286B0BDC002D1DFE /* CEPresentTitleSummary.swift */,
				5E2F980D286B0C07002D1DFE /* CEPresentTitleSummary.xib */,
			);
			path = CEPresentTitleSummary;
			sourceTree = "<group>";
		};
		5E2F980F286B1508002D1DFE /* CECustomButtons */ = {
			isa = PBXGroup;
			children = (
				5E2F9810286B15CA002D1DFE /* CECustomButtons.swift */,
				5E2F9812286B15DD002D1DFE /* CECustomButtons.xib */,
			);
			path = CECustomButtons;
			sourceTree = "<group>";
		};
		5E2F9814286B3450002D1DFE /* CEPresentDateHeader */ = {
			isa = PBXGroup;
			children = (
				5E2F9815286B34C0002D1DFE /* CEPresentDateHeader.swift */,
				5E2F9817286B34D9002D1DFE /* CEPresentDateHeader.xib */,
			);
			path = CEPresentDateHeader;
			sourceTree = "<group>";
		};
		5E55383728703F8D0067C3F1 /* CoreData */ = {
			isa = PBXGroup;
			children = (
				5E18FDE5286F08880035F046 /* CECoreData.swift */,
				5E18FDE7286F16BC0035F046 /* CEPersistanceService.swift */,
			);
			path = CoreData;
			sourceTree = "<group>";
		};
		5E55383E287091F60067C3F1 /* CEReusableCollectionView */ = {
			isa = PBXGroup;
			children = (
				5E55383F287092BB0067C3F1 /* CEReusableCollectionView.swift */,
				5E553841287092D60067C3F1 /* CEReusableCollectionView.xib */,
			);
			path = CEReusableCollectionView;
			sourceTree = "<group>";
		};
		5E553844287095580067C3F1 /* CEAddEvent */ = {
			isa = PBXGroup;
			children = (
				5E18FDDD286EF4380035F046 /* CEAddEventViewController.swift */,
				5E18FDDF286EF45A0035F046 /* CEAddEventViewController.storyboard */,
				5E7C83F12874336C00F5D388 /* CEAddEventViewModel.swift */,
			);
			path = CEAddEvent;
			sourceTree = "<group>";
		};
		5E553845287095B90067C3F1 /* Views */ = {
			isa = PBXGroup;
			children = (
				5E55383A28705E650067C3F1 /* CEAddEventView.swift */,
				5E55383C28705EBF0067C3F1 /* CEAddEventView.xib */,
			);
			path = Views;
			sourceTree = "<group>";
		};
		5E553846287095D90067C3F1 /* Cells */ = {
			isa = PBXGroup;
			children = (
				5E55384B287097D50067C3F1 /* CEAddEventCollectionCell.swift */,
				5E55384C287097D50067C3F1 /* CEAddEventCollectionCell.xib */,
				5E5C9E80287701FD0046807C /* CEAddEventCollectionCellViewModel.swift */,
			);
			path = Cells;
			sourceTree = "<group>";
		};
		5E5C58F328574496006DF9D5 /* ViewControllers */ = {
			isa = PBXGroup;
			children = (
				5E1457022852195F0078AF31 /* ViewController.swift */,
			);
			path = ViewControllers;
			sourceTree = "<group>";
		};
		5E5C58F4285744C6006DF9D5 /* Delegates */ = {
			isa = PBXGroup;
			children = (
				5E1456FE2852195F0078AF31 /* AppDelegate.swift */,
				5E1457002852195F0078AF31 /* SceneDelegate.swift */,
			);
			path = Delegates;
			sourceTree = "<group>";
		};
		5E6DD3222865C08A0081AEBC /* CEUtilities */ = {
			isa = PBXGroup;
			children = (
				5E6DD3232865C0BA0081AEBC /* CEImageUtility.swift */,
			);
			path = CEUtilities;
			sourceTree = "<group>";
		};
		5E6DD3252865E8160081AEBC /* CEMainCalendar */ = {
			isa = PBXGroup;
			children = (
				5E6DD32028658CCB0081AEBC /* CEMainCalendarViewController.swift */,
				5E6DD3272865E9610081AEBC /* CEMainCalendarViewModel.swift */,
				5E6DD3292865EE6F0081AEBC /* CEMainCalendarCollectionViewCell.swift */,
			);
			path = CEMainCalendar;
			sourceTree = "<group>";
		};
		5E6DD3262865E8540081AEBC /* CEModels */ = {
			isa = PBXGroup;
			children = (
				5E76D5F92864DD8400F89D99 /* CEOnBoardModel.swift */,
			);
			path = CEModels;
			sourceTree = "<group>";
		};
		5E76D5CF286460BE00F89D99 /* CEOnboardExample */ = {
			isa = PBXGroup;
			children = (
				5E76D5D3286464E000F89D99 /* CEOnboardingViewController.swift */,
				5E76D5DF286473BE00F89D99 /* CEOnboardingViews */,
			);
			path = CEOnboardExample;
			sourceTree = "<group>";
		};
		5E76D5DF286473BE00F89D99 /* CEOnboardingViews */ = {
			isa = PBXGroup;
			children = (
				5E76D5F028648A9B00F89D99 /* Views */,
				5E76D5E42864751400F89D99 /* FirstOnboardingPage */,
				5E76D5E52864756300F89D99 /* SecondOnboardingPage */,
				5E76D5E62864758600F89D99 /* ThirdOnboardingPage */,
			);
			path = CEOnboardingViews;
			sourceTree = "<group>";
		};
		5E76D5E42864751400F89D99 /* FirstOnboardingPage */ = {
			isa = PBXGroup;
			children = (
				5E76D5E12864741800F89D99 /* CEOnboardingCalendarCell.xib */,
				5E76D5E02864741800F89D99 /* CEOnboardingCalendarCell.swift */,
			);
			path = FirstOnboardingPage;
			sourceTree = "<group>";
		};
		5E76D5E52864756300F89D99 /* SecondOnboardingPage */ = {
			isa = PBXGroup;
			children = (
				5E76D5E7286475F600F89D99 /* CEOnboardingEventsCell.swift */,
				5E76D5E8286475F600F89D99 /* CEOnboardingEventsCell.xib */,
			);
			path = SecondOnboardingPage;
			sourceTree = "<group>";
		};
		5E76D5E62864758600F89D99 /* ThirdOnboardingPage */ = {
			isa = PBXGroup;
			children = (
				5E76D5EB2864761D00F89D99 /* CEOnboardingFilterCell.swift */,
				5E76D5EC2864761D00F89D99 /* CEOnboardingFilterCell.xib */,
			);
			path = ThirdOnboardingPage;
			sourceTree = "<group>";
		};
		5E76D5F028648A9B00F89D99 /* Views */ = {
			isa = PBXGroup;
			children = (
				5E76D5F52864C24F00F89D99 /* CEOnBoardSummary.xib */,
				5E76D5F72864C2A100F89D99 /* CEOnBoardSummary.swift */,
			);
			path = Views;
			sourceTree = "<group>";
		};
		5E776F16286D624D00B7105C /* CEReusableTableview */ = {
			isa = PBXGroup;
			children = (
				5E776F1B286D655F00B7105C /* CEReusableTableView.swift */,
				5E776F1D286D65B600B7105C /* CEReusableTableView.xib */,
			);
			path = CEReusableTableview;
			sourceTree = "<group>";
		};
		5E790E422875BF3C0028EF6C /* CETaskDetail */ = {
			isa = PBXGroup;
			children = (
				5E790E432875BF9A0028EF6C /* CETaskDetailViewController.swift */,
				5E790E452875C0390028EF6C /* CETaskDetailViewController.storyboard */,
				5E5C9E782876E52C0046807C /* CETaskDetailViewModel.swift */,
			);
			path = CETaskDetail;
			sourceTree = "<group>";
		};
		5E7C83E92872EAB200F5D388 /* EventsTableViewCell */ = {
			isa = PBXGroup;
			children = (
				5E2F97E228696F9D002D1DFE /* CEMainEventsTableViewCell.xib */,
				5E2F97E128696F9D002D1DFE /* CEMainEventsTableViewCell.swift */,
				5E5C9E7E287701910046807C /* CEMainEventsTableCellViewModel.swift */,
			);
			path = EventsTableViewCell;
			sourceTree = "<group>";
		};
		5E7C83EA2872EAE000F5D388 /* AlldayEventsCollectonCell */ = {
			isa = PBXGroup;
			children = (
				5E7C83EB2872EB3000F5D388 /* CEAlldayEventsCollectionCell.swift */,
				5E7C83EC2872EB3000F5D388 /* CEAlldayEventsCollectionCell.xib */,
				5E5C9E7C287701480046807C /* CEAlldayEventsCollectionCellViewModel.swift */,
			);
			path = AlldayEventsCollectonCell;
			sourceTree = "<group>";
		};
		5EA9B465285A4C0400034A0D /* Fonts */ = {
			isa = PBXGroup;
			children = (
				5EA9B46A285A4DAB00034A0D /* MYRIADAB.TTF */,
				5EA9B466285A4C5400034A0D /* MYRIAAMI.TTF */,
				5EA9B468285A4CE900034A0D /* MYRIADAS.TTF */,
			);
			path = Fonts;
			sourceTree = "<group>";
		};
		5EBC5051287D3A9F00F19AFB /* Templets */ = {
			isa = PBXGroup;
			children = (
				5E553844287095580067C3F1 /* CEAddEvent */,
				5E2F9801286AC07F002D1DFE /* CEFilter */,
				5E2F97F62869DA82002D1DFE /* CEOnboard */,
				5E6DD3252865E8160081AEBC /* CEMainCalendar */,
				5EFA729728716A5200203762 /* CEEventsOrganizer */,
				5E790E422875BF3C0028EF6C /* CETaskDetail */,
			);
			path = Templets;
			sourceTree = "<group>";
		};
		5EBC5052287D3C9B00F19AFB /* CEMainCalendarView */ = {
			isa = PBXGroup;
			children = (
				5E7C83E92872EAB200F5D388 /* EventsTableViewCell */,
				5E7C83EA2872EAE000F5D388 /* AlldayEventsCollectonCell */,
				5E2F9814286B3450002D1DFE /* CEPresentDateHeader */,
			);
			path = CEMainCalendarView;
			sourceTree = "<group>";
		};
		5EBC5053287D3CF600F19AFB /* CEAddEventViews */ = {
			isa = PBXGroup;
			children = (
				5E553846287095D90067C3F1 /* Cells */,
				5E553845287095B90067C3F1 /* Views */,
			);
			path = CEAddEventViews;
			sourceTree = "<group>";
		};
		5EBC5054287D3D7D00F19AFB /* CEFilterViews */ = {
			isa = PBXGroup;
			children = (
				5EC150D1287BE93C009EA3B8 /* Cells */,
				5EC150D6287BFC16009EA3B8 /* CECheckBox.swift */,
			);
			path = CEFilterViews;
			sourceTree = "<group>";
		};
		5EBC5055287D3DAE00F19AFB /* CEEventOrganizerViews */ = {
			isa = PBXGroup;
			children = (
				5E103D4D2871B45B00906D00 /* Cells */,
			);
			path = CEEventOrganizerViews;
			sourceTree = "<group>";
		};
		5EC150D1287BE93C009EA3B8 /* Cells */ = {
			isa = PBXGroup;
			children = (
				5EC150D2287BEA83009EA3B8 /* CEFilterCollectionCell.swift */,
				5EC150D3287BEA83009EA3B8 /* CEFilterCollectionCell.xib */,
			);
			path = Cells;
			sourceTree = "<group>";
		};
		5EFA729728716A5200203762 /* CEEventsOrganizer */ = {
			isa = PBXGroup;
			children = (
				5EFA729828716B4600203762 /* CEEventsOrganizerViewController.swift */,
				5EFA729A28716B7700203762 /* CEEventsOrganizerViewController.storyboard */,
				5E7C83EF2874028400F5D388 /* CEEventsOrganizerViewModel.swift */,
			);
			path = CEEventsOrganizer;
			sourceTree = "<group>";
		};
/* End PBXGroup section */

/* Begin PBXNativeTarget section */
		5E1456FA2852195F0078AF31 /* CalenderTask */ = {
			isa = PBXNativeTarget;
			buildConfigurationList = 5E145725285219640078AF31 /* Build configuration list for PBXNativeTarget "CalenderTask" */;
			buildPhases = (
				958A672C67F2F34CA5116F30 /* [CP] Check Pods Manifest.lock */,
				5E1456F72852195F0078AF31 /* Sources */,
				5E1456F82852195F0078AF31 /* Frameworks */,
				5E1456F92852195F0078AF31 /* Resources */,
				EB894DC75A1CA7CDCCEB97AE /* [CP] Embed Pods Frameworks */,
			);
			buildRules = (
			);
			dependencies = (
			);
			name = CalenderTask;
			productName = CalenderTask;
			productReference = 5E1456FB2852195F0078AF31 /* CalenderTask.app */;
			productType = "com.apple.product-type.application";
		};
		5E145710285219640078AF31 /* CalenderTaskTests */ = {
			isa = PBXNativeTarget;
			buildConfigurationList = 5E145728285219640078AF31 /* Build configuration list for PBXNativeTarget "CalenderTaskTests" */;
			buildPhases = (
				560431F19B884BAC5960EABD /* [CP] Check Pods Manifest.lock */,
				5E14570D285219640078AF31 /* Sources */,
				5E14570E285219640078AF31 /* Frameworks */,
				5E14570F285219640078AF31 /* Resources */,
			);
			buildRules = (
			);
			dependencies = (
				5E145713285219640078AF31 /* PBXTargetDependency */,
			);
			name = CalenderTaskTests;
			productName = CalenderTaskTests;
			productReference = 5E145711285219640078AF31 /* CalenderTaskTests.xctest */;
			productType = "com.apple.product-type.bundle.unit-test";
		};
		5E14571A285219640078AF31 /* CalenderTaskUITests */ = {
			isa = PBXNativeTarget;
			buildConfigurationList = 5E14572B285219640078AF31 /* Build configuration list for PBXNativeTarget "CalenderTaskUITests" */;
			buildPhases = (
				5F014ABA28B9686B9DC4712A /* [CP] Check Pods Manifest.lock */,
				5E145717285219640078AF31 /* Sources */,
				5E145718285219640078AF31 /* Frameworks */,
				5E145719285219640078AF31 /* Resources */,
				0BF33E8CE42C71FBAB45B588 /* [CP] Embed Pods Frameworks */,
			);
			buildRules = (
			);
			dependencies = (
				5E14571D285219640078AF31 /* PBXTargetDependency */,
			);
			name = CalenderTaskUITests;
			productName = CalenderTaskUITests;
			productReference = 5E14571B285219640078AF31 /* CalenderTaskUITests.xctest */;
			productType = "com.apple.product-type.bundle.ui-testing";
		};
/* End PBXNativeTarget section */

/* Begin PBXProject section */
		5E1456F32852195F0078AF31 /* Project object */ = {
			isa = PBXProject;
			attributes = {
				BuildIndependentTargetsInParallel = 1;
				LastSwiftUpdateCheck = 1340;
				LastUpgradeCheck = 1340;
				TargetAttributes = {
					5E1456FA2852195F0078AF31 = {
						CreatedOnToolsVersion = 13.4;
					};
					5E145710285219640078AF31 = {
						CreatedOnToolsVersion = 13.4;
						TestTargetID = 5E1456FA2852195F0078AF31;
					};
					5E14571A285219640078AF31 = {
						CreatedOnToolsVersion = 13.4;
						TestTargetID = 5E1456FA2852195F0078AF31;
					};
				};
			};
			buildConfigurationList = 5E1456F62852195F0078AF31 /* Build configuration list for PBXProject "CalenderTask" */;
			compatibilityVersion = "Xcode 13.0";
			developmentRegion = en;
			hasScannedForEncodings = 0;
			knownRegions = (
				en,
				Base,
			);
			mainGroup = 5E1456F22852195E0078AF31;
			productRefGroup = 5E1456FC2852195F0078AF31 /* Products */;
			projectDirPath = "";
			projectRoot = "";
			targets = (
				5E1456FA2852195F0078AF31 /* CalenderTask */,
				5E145710285219640078AF31 /* CalenderTaskTests */,
				5E14571A285219640078AF31 /* CalenderTaskUITests */,
			);
		};
/* End PBXProject section */

/* Begin PBXResourcesBuildPhase section */
		5E1456F92852195F0078AF31 /* Resources */ = {
			isa = PBXResourcesBuildPhase;
			buildActionMask = 2147483647;
			files = (
				5E2F9818286B34D9002D1DFE /* CEPresentDateHeader.xib in Resources */,
				5E7C83EE2872EB3000F5D388 /* CEAlldayEventsCollectionCell.xib in Resources */,
				5E2F97F42869B90B002D1DFE /* LottieFilter.json in Resources */,
				5EA9B467285A4C5400034A0D /* MYRIAAMI.TTF in Resources */,
				5E2F97F52869B90B002D1DFE /* LottieEvents.json in Resources */,
				5EC150D5287BEA83009EA3B8 /* CEFilterCollectionCell.xib in Resources */,
				5E76D5E32864741800F89D99 /* CEOnboardingCalendarCell.xib in Resources */,
				5E553842287092D60067C3F1 /* CEReusableCollectionView.xib in Resources */,
				5E76D5EE2864761D00F89D99 /* CEOnboardingFilterCell.xib in Resources */,
				5E18FDE0286EF45A0035F046 /* CEAddEventViewController.storyboard in Resources */,
				5E76D5F62864C24F00F89D99 /* CEOnBoardSummary.xib in Resources */,
				5E55384E287097D50067C3F1 /* CEAddEventCollectionCell.xib in Resources */,
				5EFA729B28716B7700203762 /* CEEventsOrganizerViewController.storyboard in Resources */,
				5E2F9813286B15DD002D1DFE /* CECustomButtons.xib in Resources */,
				5E2F97F22869B90B002D1DFE /* LottieCalendar.json in Resources */,
				5E14570B285219630078AF31 /* LaunchScreen.storyboard in Resources */,
				5E5C9E8528770C840046807C /* CEFilterViewController.storyboard in Resources */,
				5E145708285219630078AF31 /* Assets.xcassets in Resources */,
				5E2F980E286B0C07002D1DFE /* CEPresentTitleSummary.xib in Resources */,
				5E1457062852195F0078AF31 /* Main.storyboard in Resources */,
				5E2F97E428696F9E002D1DFE /* CEMainEventsTableViewCell.xib in Resources */,
				5E18FDCC286E10620035F046 /* CEData.json in Resources */,
				5E55383D28705EBF0067C3F1 /* CEAddEventView.xib in Resources */,
				5EA9B469285A4CE900034A0D /* MYRIADAS.TTF in Resources */,
				5E776F1E286D65B600B7105C /* CEReusableTableView.xib in Resources */,
				5E103D512871B4B400906D00 /* CEEventsOrganizerCollectionCell.xib in Resources */,
				5E8304A32859D93E004AE831 /* data.json in Resources */,
				5E2F97F32869B90B002D1DFE /* LottieCustomCalendar.json in Resources */,
				5E2F97E628698997002D1DFE /* CEOnboarding.storyboard in Resources */,
				5E790E462875C0390028EF6C /* CETaskDetailViewController.storyboard in Resources */,
				5E76D5EA286475F600F89D99 /* CEOnboardingEventsCell.xib in Resources */,
				5EA9B46B285A4DAB00034A0D /* MYRIADAB.TTF in Resources */,
			);
			runOnlyForDeploymentPostprocessing = 0;
		};
		5E14570F285219640078AF31 /* Resources */ = {
			isa = PBXResourcesBuildPhase;
			buildActionMask = 2147483647;
			files = (
			);
			runOnlyForDeploymentPostprocessing = 0;
		};
		5E145719285219640078AF31 /* Resources */ = {
			isa = PBXResourcesBuildPhase;
			buildActionMask = 2147483647;
			files = (
			);
			runOnlyForDeploymentPostprocessing = 0;
		};
/* End PBXResourcesBuildPhase section */

/* Begin PBXShellScriptBuildPhase section */
		0BF33E8CE42C71FBAB45B588 /* [CP] Embed Pods Frameworks */ = {
			isa = PBXShellScriptBuildPhase;
			buildActionMask = 2147483647;
			files = (
			);
			inputFileListPaths = (
				"${PODS_ROOT}/Target Support Files/Pods-CalenderTask-CalenderTaskUITests/Pods-CalenderTask-CalenderTaskUITests-frameworks-${CONFIGURATION}-input-files.xcfilelist",
			);
			name = "[CP] Embed Pods Frameworks";
			outputFileListPaths = (
				"${PODS_ROOT}/Target Support Files/Pods-CalenderTask-CalenderTaskUITests/Pods-CalenderTask-CalenderTaskUITests-frameworks-${CONFIGURATION}-output-files.xcfilelist",
			);
			runOnlyForDeploymentPostprocessing = 0;
			shellPath = /bin/sh;
			shellScript = "\"${PODS_ROOT}/Target Support Files/Pods-CalenderTask-CalenderTaskUITests/Pods-CalenderTask-CalenderTaskUITests-frameworks.sh\"\n";
			showEnvVarsInLog = 0;
		};
		560431F19B884BAC5960EABD /* [CP] Check Pods Manifest.lock */ = {
			isa = PBXShellScriptBuildPhase;
			buildActionMask = 2147483647;
			files = (
			);
			inputFileListPaths = (
			);
			inputPaths = (
				"${PODS_PODFILE_DIR_PATH}/Podfile.lock",
				"${PODS_ROOT}/Manifest.lock",
			);
			name = "[CP] Check Pods Manifest.lock";
			outputFileListPaths = (
			);
			outputPaths = (
				"$(DERIVED_FILE_DIR)/Pods-CalenderTaskTests-checkManifestLockResult.txt",
			);
			runOnlyForDeploymentPostprocessing = 0;
			shellPath = /bin/sh;
			shellScript = "diff \"${PODS_PODFILE_DIR_PATH}/Podfile.lock\" \"${PODS_ROOT}/Manifest.lock\" > /dev/null\nif [ $? != 0 ] ; then\n    # print error to STDERR\n    echo \"error: The sandbox is not in sync with the Podfile.lock. Run 'pod install' or update your CocoaPods installation.\" >&2\n    exit 1\nfi\n# This output is used by Xcode 'outputs' to avoid re-running this script phase.\necho \"SUCCESS\" > \"${SCRIPT_OUTPUT_FILE_0}\"\n";
			showEnvVarsInLog = 0;
		};
		5F014ABA28B9686B9DC4712A /* [CP] Check Pods Manifest.lock */ = {
			isa = PBXShellScriptBuildPhase;
			buildActionMask = 2147483647;
			files = (
			);
			inputFileListPaths = (
			);
			inputPaths = (
				"${PODS_PODFILE_DIR_PATH}/Podfile.lock",
				"${PODS_ROOT}/Manifest.lock",
			);
			name = "[CP] Check Pods Manifest.lock";
			outputFileListPaths = (
			);
			outputPaths = (
				"$(DERIVED_FILE_DIR)/Pods-CalenderTask-CalenderTaskUITests-checkManifestLockResult.txt",
			);
			runOnlyForDeploymentPostprocessing = 0;
			shellPath = /bin/sh;
			shellScript = "diff \"${PODS_PODFILE_DIR_PATH}/Podfile.lock\" \"${PODS_ROOT}/Manifest.lock\" > /dev/null\nif [ $? != 0 ] ; then\n    # print error to STDERR\n    echo \"error: The sandbox is not in sync with the Podfile.lock. Run 'pod install' or update your CocoaPods installation.\" >&2\n    exit 1\nfi\n# This output is used by Xcode 'outputs' to avoid re-running this script phase.\necho \"SUCCESS\" > \"${SCRIPT_OUTPUT_FILE_0}\"\n";
			showEnvVarsInLog = 0;
		};
		958A672C67F2F34CA5116F30 /* [CP] Check Pods Manifest.lock */ = {
			isa = PBXShellScriptBuildPhase;
			buildActionMask = 2147483647;
			files = (
			);
			inputFileListPaths = (
			);
			inputPaths = (
				"${PODS_PODFILE_DIR_PATH}/Podfile.lock",
				"${PODS_ROOT}/Manifest.lock",
			);
			name = "[CP] Check Pods Manifest.lock";
			outputFileListPaths = (
			);
			outputPaths = (
				"$(DERIVED_FILE_DIR)/Pods-CalenderTask-checkManifestLockResult.txt",
			);
			runOnlyForDeploymentPostprocessing = 0;
			shellPath = /bin/sh;
			shellScript = "diff \"${PODS_PODFILE_DIR_PATH}/Podfile.lock\" \"${PODS_ROOT}/Manifest.lock\" > /dev/null\nif [ $? != 0 ] ; then\n    # print error to STDERR\n    echo \"error: The sandbox is not in sync with the Podfile.lock. Run 'pod install' or update your CocoaPods installation.\" >&2\n    exit 1\nfi\n# This output is used by Xcode 'outputs' to avoid re-running this script phase.\necho \"SUCCESS\" > \"${SCRIPT_OUTPUT_FILE_0}\"\n";
			showEnvVarsInLog = 0;
		};
		EB894DC75A1CA7CDCCEB97AE /* [CP] Embed Pods Frameworks */ = {
			isa = PBXShellScriptBuildPhase;
			buildActionMask = 2147483647;
			files = (
			);
			inputFileListPaths = (
				"${PODS_ROOT}/Target Support Files/Pods-CalenderTask/Pods-CalenderTask-frameworks-${CONFIGURATION}-input-files.xcfilelist",
			);
			name = "[CP] Embed Pods Frameworks";
			outputFileListPaths = (
				"${PODS_ROOT}/Target Support Files/Pods-CalenderTask/Pods-CalenderTask-frameworks-${CONFIGURATION}-output-files.xcfilelist",
			);
			runOnlyForDeploymentPostprocessing = 0;
			shellPath = /bin/sh;
			shellScript = "\"${PODS_ROOT}/Target Support Files/Pods-CalenderTask/Pods-CalenderTask-frameworks.sh\"\n";
			showEnvVarsInLog = 0;
		};
/* End PBXShellScriptBuildPhase section */

/* Begin PBXSourcesBuildPhase section */
		5E1456F72852195F0078AF31 /* Sources */ = {
			isa = PBXSourcesBuildPhase;
			buildActionMask = 2147483647;
			files = (
				5E5C58F028570364006DF9D5 /* CalendarViewModel.swift in Sources */,
				5E76D5ED2864761D00F89D99 /* CEOnboardingFilterCell.swift in Sources */,
				5E5C9E7F287701910046807C /* CEMainEventsTableCellViewModel.swift in Sources */,
				5E553833287026EB0067C3F1 /* CalendarEvent+CoreDataClass.swift in Sources */,
				5E7C83F22874336C00F5D388 /* CEAddEventViewModel.swift in Sources */,
				5E6DD32128658CCB0081AEBC /* CEMainCalendarViewController.swift in Sources */,
				5E553834287026EB0067C3F1 /* CalendarEvent+CoreDataProperties.swift in Sources */,
				5E5C9E7D287701480046807C /* CEAlldayEventsCollectionCellViewModel.swift in Sources */,
				5E55383B28705E650067C3F1 /* CEAddEventView.swift in Sources */,
				5EC150D4287BEA83009EA3B8 /* CEFilterCollectionCell.swift in Sources */,
				5E18FDD1286E20770035F046 /* CECoreDataModel.xcdatamodeld in Sources */,
				5E2F9816286B34C0002D1DFE /* CEPresentDateHeader.swift in Sources */,
				5E2F9807286B097D002D1DFE /* CELabel.swift in Sources */,
				5E6DD3282865E9610081AEBC /* CEMainCalendarViewModel.swift in Sources */,
				5E5C9E7B2876F93D0046807C /* CEEventsOrganizerCellViewModel.swift in Sources */,
				5E790E442875BF9A0028EF6C /* CETaskDetailViewController.swift in Sources */,
				5E45BFD9285B075900D56140 /* EmptyEventDisplayCell.swift in Sources */,
				5E7C83F02874028400F5D388 /* CEEventsOrganizerViewModel.swift in Sources */,
				5E18FDDE286EF4390035F046 /* CEAddEventViewController.swift in Sources */,
				5E76D5FC2864DF3B00F89D99 /* CEOnBoardViewModel.swift in Sources */,
				5E18FDE8286F16BC0035F046 /* CEPersistanceService.swift in Sources */,
				5E5C9E81287701FD0046807C /* CEAddEventCollectionCellViewModel.swift in Sources */,
				5E103D532871C16B00906D00 /* PinterestLayout.swift in Sources */,
				5E625ACA28618E8700EDB87D /* EventViewController.swift in Sources */,
				5E8304A52859E694004AE831 /* EventDisplayCell.swift in Sources */,
				5E14572F285222200078AF31 /* CalenderViewController.swift in Sources */,
				5E103D502871B4B400906D00 /* CEEventsOrganizerCollectionCell.swift in Sources */,
				5E6DD32A2865EE6F0081AEBC /* CEMainCalendarCollectionViewCell.swift in Sources */,
				5E5C9E792876E52C0046807C /* CETaskDetailViewModel.swift in Sources */,
				5E76D5FA2864DD8400F89D99 /* CEOnBoardModel.swift in Sources */,
				5E2F97EC2869A9F4002D1DFE /* CEOnboardViewController.swift in Sources */,
				5E2F97E328696F9D002D1DFE /* CEMainEventsTableViewCell.swift in Sources */,
				5E2F980C286B0BDC002D1DFE /* CEPresentTitleSummary.swift in Sources */,
				5E2F9809286B098C002D1DFE /* CEButton.swift in Sources */,
				5EC150D7287BFC16009EA3B8 /* CECheckBox.swift in Sources */,
				5E7C83ED2872EB3000F5D388 /* CEAlldayEventsCollectionCell.swift in Sources */,
				5E776F1C286D655F00B7105C /* CEReusableTableView.swift in Sources */,
				5E716E362877F5F00017A560 /* CEFilterViewModel.swift in Sources */,
				5E1457032852195F0078AF31 /* ViewController.swift in Sources */,
				5E5C9E8328770C5B0046807C /* CEFilterViewController.swift in Sources */,
				5E76D5E22864741800F89D99 /* CEOnboardingCalendarCell.swift in Sources */,
				5E2F97EA286994CD002D1DFE /* CEOnboardPageController.swift in Sources */,
				5E76D5E9286475F600F89D99 /* CEOnboardingEventsCell.swift in Sources */,
				5E6DD3242865C0BA0081AEBC /* CEImageUtility.swift in Sources */,
				5E18FDE6286F08880035F046 /* CECoreData.swift in Sources */,
				5E2F97E82869925A002D1DFE /* CEOnboardingContentController.swift in Sources */,
				5E55384D287097D50067C3F1 /* CEAddEventCollectionCell.swift in Sources */,
				5EFA729928716B4600203762 /* CEEventsOrganizerViewController.swift in Sources */,
				5E1456FF2852195F0078AF31 /* AppDelegate.swift in Sources */,
				5E553840287092BB0067C3F1 /* CEReusableCollectionView.swift in Sources */,
				5E1457012852195F0078AF31 /* SceneDelegate.swift in Sources */,
				5E76D5F82864C2A100F89D99 /* CEOnBoardSummary.swift in Sources */,
				5E26852028576C7F004AEFF7 /* EventModel.swift in Sources */,
				5E2F9811286B15CA002D1DFE /* CECustomButtons.swift in Sources */,
				5E18FDCE286E15CC0035F046 /* CEEventModel.swift in Sources */,
				5E76D5D5286464E000F89D99 /* CEOnboardingViewController.swift in Sources */,
				5E5C58EE2856FA9A006DF9D5 /* CalendarCell.swift in Sources */,
			);
			runOnlyForDeploymentPostprocessing = 0;
		};
		5E14570D285219640078AF31 /* Sources */ = {
			isa = PBXSourcesBuildPhase;
			buildActionMask = 2147483647;
			files = (
				5E145716285219640078AF31 /* CalenderTaskTests.swift in Sources */,
			);
			runOnlyForDeploymentPostprocessing = 0;
		};
		5E145717285219640078AF31 /* Sources */ = {
			isa = PBXSourcesBuildPhase;
			buildActionMask = 2147483647;
			files = (
				5E145720285219640078AF31 /* CalenderTaskUITests.swift in Sources */,
				5E145722285219640078AF31 /* CalenderTaskUITestsLaunchTests.swift in Sources */,
			);
			runOnlyForDeploymentPostprocessing = 0;
		};
/* End PBXSourcesBuildPhase section */

/* Begin PBXTargetDependency section */
		5E145713285219640078AF31 /* PBXTargetDependency */ = {
			isa = PBXTargetDependency;
			target = 5E1456FA2852195F0078AF31 /* CalenderTask */;
			targetProxy = 5E145712285219640078AF31 /* PBXContainerItemProxy */;
		};
		5E14571D285219640078AF31 /* PBXTargetDependency */ = {
			isa = PBXTargetDependency;
			target = 5E1456FA2852195F0078AF31 /* CalenderTask */;
			targetProxy = 5E14571C285219640078AF31 /* PBXContainerItemProxy */;
		};
/* End PBXTargetDependency section */

/* Begin PBXVariantGroup section */
		5E1457042852195F0078AF31 /* Main.storyboard */ = {
			isa = PBXVariantGroup;
			children = (
				5E1457052852195F0078AF31 /* Base */,
			);
			name = Main.storyboard;
			sourceTree = "<group>";
		};
		5E145709285219630078AF31 /* LaunchScreen.storyboard */ = {
			isa = PBXVariantGroup;
			children = (
				5E14570A285219630078AF31 /* Base */,
			);
			name = LaunchScreen.storyboard;
			sourceTree = "<group>";
		};
/* End PBXVariantGroup section */

/* Begin XCBuildConfiguration section */
		5E145723285219640078AF31 /* Debug */ = {
			isa = XCBuildConfiguration;
			buildSettings = {
				ALWAYS_SEARCH_USER_PATHS = NO;
				CLANG_ANALYZER_NONNULL = YES;
				CLANG_ANALYZER_NUMBER_OBJECT_CONVERSION = YES_AGGRESSIVE;
				CLANG_CXX_LANGUAGE_STANDARD = "gnu++17";
				CLANG_ENABLE_MODULES = YES;
				CLANG_ENABLE_OBJC_ARC = YES;
				CLANG_ENABLE_OBJC_WEAK = YES;
				CLANG_WARN_BLOCK_CAPTURE_AUTORELEASING = YES;
				CLANG_WARN_BOOL_CONVERSION = YES;
				CLANG_WARN_COMMA = YES;
				CLANG_WARN_CONSTANT_CONVERSION = YES;
				CLANG_WARN_DEPRECATED_OBJC_IMPLEMENTATIONS = YES;
				CLANG_WARN_DIRECT_OBJC_ISA_USAGE = YES_ERROR;
				CLANG_WARN_DOCUMENTATION_COMMENTS = YES;
				CLANG_WARN_EMPTY_BODY = YES;
				CLANG_WARN_ENUM_CONVERSION = YES;
				CLANG_WARN_INFINITE_RECURSION = YES;
				CLANG_WARN_INT_CONVERSION = YES;
				CLANG_WARN_NON_LITERAL_NULL_CONVERSION = YES;
				CLANG_WARN_OBJC_IMPLICIT_RETAIN_SELF = YES;
				CLANG_WARN_OBJC_LITERAL_CONVERSION = YES;
				CLANG_WARN_OBJC_ROOT_CLASS = YES_ERROR;
				CLANG_WARN_QUOTED_INCLUDE_IN_FRAMEWORK_HEADER = YES;
				CLANG_WARN_RANGE_LOOP_ANALYSIS = YES;
				CLANG_WARN_STRICT_PROTOTYPES = YES;
				CLANG_WARN_SUSPICIOUS_MOVE = YES;
				CLANG_WARN_UNGUARDED_AVAILABILITY = YES_AGGRESSIVE;
				CLANG_WARN_UNREACHABLE_CODE = YES;
				CLANG_WARN__DUPLICATE_METHOD_MATCH = YES;
				COPY_PHASE_STRIP = NO;
				DEBUG_INFORMATION_FORMAT = dwarf;
				ENABLE_STRICT_OBJC_MSGSEND = YES;
				ENABLE_TESTABILITY = YES;
				GCC_C_LANGUAGE_STANDARD = gnu11;
				GCC_DYNAMIC_NO_PIC = NO;
				GCC_NO_COMMON_BLOCKS = YES;
				GCC_OPTIMIZATION_LEVEL = 0;
				GCC_PREPROCESSOR_DEFINITIONS = (
					"DEBUG=1",
					"$(inherited)",
				);
				GCC_WARN_64_TO_32_BIT_CONVERSION = YES;
				GCC_WARN_ABOUT_RETURN_TYPE = YES_ERROR;
				GCC_WARN_UNDECLARED_SELECTOR = YES;
				GCC_WARN_UNINITIALIZED_AUTOS = YES_AGGRESSIVE;
				GCC_WARN_UNUSED_FUNCTION = YES;
				GCC_WARN_UNUSED_VARIABLE = YES;
				IPHONEOS_DEPLOYMENT_TARGET = 15.5;
				MTL_ENABLE_DEBUG_INFO = INCLUDE_SOURCE;
				MTL_FAST_MATH = YES;
				ONLY_ACTIVE_ARCH = YES;
				SDKROOT = iphoneos;
				SWIFT_ACTIVE_COMPILATION_CONDITIONS = DEBUG;
				SWIFT_OPTIMIZATION_LEVEL = "-Onone";
			};
			name = Debug;
		};
		5E145724285219640078AF31 /* Release */ = {
			isa = XCBuildConfiguration;
			buildSettings = {
				ALWAYS_SEARCH_USER_PATHS = NO;
				CLANG_ANALYZER_NONNULL = YES;
				CLANG_ANALYZER_NUMBER_OBJECT_CONVERSION = YES_AGGRESSIVE;
				CLANG_CXX_LANGUAGE_STANDARD = "gnu++17";
				CLANG_ENABLE_MODULES = YES;
				CLANG_ENABLE_OBJC_ARC = YES;
				CLANG_ENABLE_OBJC_WEAK = YES;
				CLANG_WARN_BLOCK_CAPTURE_AUTORELEASING = YES;
				CLANG_WARN_BOOL_CONVERSION = YES;
				CLANG_WARN_COMMA = YES;
				CLANG_WARN_CONSTANT_CONVERSION = YES;
				CLANG_WARN_DEPRECATED_OBJC_IMPLEMENTATIONS = YES;
				CLANG_WARN_DIRECT_OBJC_ISA_USAGE = YES_ERROR;
				CLANG_WARN_DOCUMENTATION_COMMENTS = YES;
				CLANG_WARN_EMPTY_BODY = YES;
				CLANG_WARN_ENUM_CONVERSION = YES;
				CLANG_WARN_INFINITE_RECURSION = YES;
				CLANG_WARN_INT_CONVERSION = YES;
				CLANG_WARN_NON_LITERAL_NULL_CONVERSION = YES;
				CLANG_WARN_OBJC_IMPLICIT_RETAIN_SELF = YES;
				CLANG_WARN_OBJC_LITERAL_CONVERSION = YES;
				CLANG_WARN_OBJC_ROOT_CLASS = YES_ERROR;
				CLANG_WARN_QUOTED_INCLUDE_IN_FRAMEWORK_HEADER = YES;
				CLANG_WARN_RANGE_LOOP_ANALYSIS = YES;
				CLANG_WARN_STRICT_PROTOTYPES = YES;
				CLANG_WARN_SUSPICIOUS_MOVE = YES;
				CLANG_WARN_UNGUARDED_AVAILABILITY = YES_AGGRESSIVE;
				CLANG_WARN_UNREACHABLE_CODE = YES;
				CLANG_WARN__DUPLICATE_METHOD_MATCH = YES;
				COPY_PHASE_STRIP = NO;
				DEBUG_INFORMATION_FORMAT = "dwarf-with-dsym";
				ENABLE_NS_ASSERTIONS = NO;
				ENABLE_STRICT_OBJC_MSGSEND = YES;
				GCC_C_LANGUAGE_STANDARD = gnu11;
				GCC_NO_COMMON_BLOCKS = YES;
				GCC_WARN_64_TO_32_BIT_CONVERSION = YES;
				GCC_WARN_ABOUT_RETURN_TYPE = YES_ERROR;
				GCC_WARN_UNDECLARED_SELECTOR = YES;
				GCC_WARN_UNINITIALIZED_AUTOS = YES_AGGRESSIVE;
				GCC_WARN_UNUSED_FUNCTION = YES;
				GCC_WARN_UNUSED_VARIABLE = YES;
				IPHONEOS_DEPLOYMENT_TARGET = 15.5;
				MTL_ENABLE_DEBUG_INFO = NO;
				MTL_FAST_MATH = YES;
				SDKROOT = iphoneos;
				SWIFT_COMPILATION_MODE = wholemodule;
				SWIFT_OPTIMIZATION_LEVEL = "-O";
				VALIDATE_PRODUCT = YES;
			};
			name = Release;
		};
		5E145726285219640078AF31 /* Debug */ = {
			isa = XCBuildConfiguration;
			baseConfigurationReference = 3CDD136D3ED8BCF423FB29DF /* Pods-CalenderTask.debug.xcconfig */;
			buildSettings = {
				ASSETCATALOG_COMPILER_APPICON_NAME = AppIcon;
				ASSETCATALOG_COMPILER_GLOBAL_ACCENT_COLOR_NAME = AccentColor;
				CODE_SIGN_STYLE = Automatic;
				CURRENT_PROJECT_VERSION = 1;
				GENERATE_INFOPLIST_FILE = YES;
				INFOPLIST_FILE = CalenderTask/Info.plist;
				INFOPLIST_KEY_UIApplicationSupportsIndirectInputEvents = YES;
				INFOPLIST_KEY_UILaunchStoryboardName = LaunchScreen;
				INFOPLIST_KEY_UIMainStoryboardFile = Main;
				INFOPLIST_KEY_UISupportedInterfaceOrientations_iPad = "UIInterfaceOrientationPortrait UIInterfaceOrientationPortraitUpsideDown UIInterfaceOrientationLandscapeLeft UIInterfaceOrientationLandscapeRight";
				INFOPLIST_KEY_UISupportedInterfaceOrientations_iPhone = "UIInterfaceOrientationPortrait UIInterfaceOrientationLandscapeLeft UIInterfaceOrientationLandscapeRight";
				LD_RUNPATH_SEARCH_PATHS = (
					"$(inherited)",
					"@executable_path/Frameworks",
				);
				MARKETING_VERSION = 1.0;
				PRODUCT_BUNDLE_IDENTIFIER = com.tringapps.CalenderTask;
				PRODUCT_NAME = "$(TARGET_NAME)";
				SWIFT_EMIT_LOC_STRINGS = YES;
				SWIFT_VERSION = 5.0;
				TARGETED_DEVICE_FAMILY = "1,2";
			};
			name = Debug;
		};
		5E145727285219640078AF31 /* Release */ = {
			isa = XCBuildConfiguration;
			baseConfigurationReference = 60DDEDB64972A22ECCAEDC53 /* Pods-CalenderTask.release.xcconfig */;
			buildSettings = {
				ASSETCATALOG_COMPILER_APPICON_NAME = AppIcon;
				ASSETCATALOG_COMPILER_GLOBAL_ACCENT_COLOR_NAME = AccentColor;
				CODE_SIGN_STYLE = Automatic;
				CURRENT_PROJECT_VERSION = 1;
				GENERATE_INFOPLIST_FILE = YES;
				INFOPLIST_FILE = CalenderTask/Info.plist;
				INFOPLIST_KEY_UIApplicationSupportsIndirectInputEvents = YES;
				INFOPLIST_KEY_UILaunchStoryboardName = LaunchScreen;
				INFOPLIST_KEY_UIMainStoryboardFile = Main;
				INFOPLIST_KEY_UISupportedInterfaceOrientations_iPad = "UIInterfaceOrientationPortrait UIInterfaceOrientationPortraitUpsideDown UIInterfaceOrientationLandscapeLeft UIInterfaceOrientationLandscapeRight";
				INFOPLIST_KEY_UISupportedInterfaceOrientations_iPhone = "UIInterfaceOrientationPortrait UIInterfaceOrientationLandscapeLeft UIInterfaceOrientationLandscapeRight";
				LD_RUNPATH_SEARCH_PATHS = (
					"$(inherited)",
					"@executable_path/Frameworks",
				);
				MARKETING_VERSION = 1.0;
				PRODUCT_BUNDLE_IDENTIFIER = com.tringapps.CalenderTask;
				PRODUCT_NAME = "$(TARGET_NAME)";
				SWIFT_EMIT_LOC_STRINGS = YES;
				SWIFT_VERSION = 5.0;
				TARGETED_DEVICE_FAMILY = "1,2";
			};
			name = Release;
		};
		5E145729285219640078AF31 /* Debug */ = {
			isa = XCBuildConfiguration;
			baseConfigurationReference = 77560DB1A566F8E02D3CA41B /* Pods-CalenderTaskTests.debug.xcconfig */;
			buildSettings = {
				ALWAYS_EMBED_SWIFT_STANDARD_LIBRARIES = YES;
				BUNDLE_LOADER = "$(TEST_HOST)";
				CODE_SIGN_STYLE = Automatic;
				CURRENT_PROJECT_VERSION = 1;
				GENERATE_INFOPLIST_FILE = YES;
				IPHONEOS_DEPLOYMENT_TARGET = 15.5;
				MARKETING_VERSION = 1.0;
				PRODUCT_BUNDLE_IDENTIFIER = com.tringapps.CalenderTaskTests;
				PRODUCT_NAME = "$(TARGET_NAME)";
				SWIFT_EMIT_LOC_STRINGS = NO;
				SWIFT_VERSION = 5.0;
				TARGETED_DEVICE_FAMILY = "1,2";
				TEST_HOST = "$(BUILT_PRODUCTS_DIR)/CalenderTask.app/CalenderTask";
			};
			name = Debug;
		};
		5E14572A285219640078AF31 /* Release */ = {
			isa = XCBuildConfiguration;
			baseConfigurationReference = 1F103482D2602601602D6A9D /* Pods-CalenderTaskTests.release.xcconfig */;
			buildSettings = {
				ALWAYS_EMBED_SWIFT_STANDARD_LIBRARIES = YES;
				BUNDLE_LOADER = "$(TEST_HOST)";
				CODE_SIGN_STYLE = Automatic;
				CURRENT_PROJECT_VERSION = 1;
				GENERATE_INFOPLIST_FILE = YES;
				IPHONEOS_DEPLOYMENT_TARGET = 15.5;
				MARKETING_VERSION = 1.0;
				PRODUCT_BUNDLE_IDENTIFIER = com.tringapps.CalenderTaskTests;
				PRODUCT_NAME = "$(TARGET_NAME)";
				SWIFT_EMIT_LOC_STRINGS = NO;
				SWIFT_VERSION = 5.0;
				TARGETED_DEVICE_FAMILY = "1,2";
				TEST_HOST = "$(BUILT_PRODUCTS_DIR)/CalenderTask.app/CalenderTask";
			};
			name = Release;
		};
		5E14572C285219640078AF31 /* Debug */ = {
			isa = XCBuildConfiguration;
			baseConfigurationReference = 95F2ADB6FE796D8B7CC1B905 /* Pods-CalenderTask-CalenderTaskUITests.debug.xcconfig */;
			buildSettings = {
				ALWAYS_EMBED_SWIFT_STANDARD_LIBRARIES = YES;
				CODE_SIGN_STYLE = Automatic;
				CURRENT_PROJECT_VERSION = 1;
				GENERATE_INFOPLIST_FILE = YES;
				MARKETING_VERSION = 1.0;
				PRODUCT_BUNDLE_IDENTIFIER = com.tringapps.CalenderTaskUITests;
				PRODUCT_NAME = "$(TARGET_NAME)";
				SWIFT_EMIT_LOC_STRINGS = NO;
				SWIFT_VERSION = 5.0;
				TARGETED_DEVICE_FAMILY = "1,2";
				TEST_TARGET_NAME = CalenderTask;
			};
			name = Debug;
		};
		5E14572D285219640078AF31 /* Release */ = {
			isa = XCBuildConfiguration;
			baseConfigurationReference = 34D49A5CBACE294578CADB54 /* Pods-CalenderTask-CalenderTaskUITests.release.xcconfig */;
			buildSettings = {
				ALWAYS_EMBED_SWIFT_STANDARD_LIBRARIES = YES;
				CODE_SIGN_STYLE = Automatic;
				CURRENT_PROJECT_VERSION = 1;
				GENERATE_INFOPLIST_FILE = YES;
				MARKETING_VERSION = 1.0;
				PRODUCT_BUNDLE_IDENTIFIER = com.tringapps.CalenderTaskUITests;
				PRODUCT_NAME = "$(TARGET_NAME)";
				SWIFT_EMIT_LOC_STRINGS = NO;
				SWIFT_VERSION = 5.0;
				TARGETED_DEVICE_FAMILY = "1,2";
				TEST_TARGET_NAME = CalenderTask;
			};
			name = Release;
		};
/* End XCBuildConfiguration section */

/* Begin XCConfigurationList section */
		5E1456F62852195F0078AF31 /* Build configuration list for PBXProject "CalenderTask" */ = {
			isa = XCConfigurationList;
			buildConfigurations = (
				5E145723285219640078AF31 /* Debug */,
				5E145724285219640078AF31 /* Release */,
			);
			defaultConfigurationIsVisible = 0;
			defaultConfigurationName = Release;
		};
		5E145725285219640078AF31 /* Build configuration list for PBXNativeTarget "CalenderTask" */ = {
			isa = XCConfigurationList;
			buildConfigurations = (
				5E145726285219640078AF31 /* Debug */,
				5E145727285219640078AF31 /* Release */,
			);
			defaultConfigurationIsVisible = 0;
			defaultConfigurationName = Release;
		};
		5E145728285219640078AF31 /* Build configuration list for PBXNativeTarget "CalenderTaskTests" */ = {
			isa = XCConfigurationList;
			buildConfigurations = (
				5E145729285219640078AF31 /* Debug */,
				5E14572A285219640078AF31 /* Release */,
			);
			defaultConfigurationIsVisible = 0;
			defaultConfigurationName = Release;
		};
		5E14572B285219640078AF31 /* Build configuration list for PBXNativeTarget "CalenderTaskUITests" */ = {
			isa = XCConfigurationList;
			buildConfigurations = (
				5E14572C285219640078AF31 /* Debug */,
				5E14572D285219640078AF31 /* Release */,
			);
			defaultConfigurationIsVisible = 0;
			defaultConfigurationName = Release;
		};
/* End XCConfigurationList section */

/* Begin XCVersionGroup section */
		5E18FDCF286E20770035F046 /* CECoreDataModel.xcdatamodeld */ = {
			isa = XCVersionGroup;
			children = (
				5E18FDD0286E20770035F046 /* CECoreDataModel.xcdatamodel */,
			);
			currentVersion = 5E18FDD0286E20770035F046 /* CECoreDataModel.xcdatamodel */;
			path = CECoreDataModel.xcdatamodeld;
			sourceTree = "<group>";
			versionGroupType = wrapper.xcdatamodel;
		};
/* End XCVersionGroup section */
	};
	rootObject = 5E1456F32852195F0078AF31 /* Project object */;
}
